// !$*UTF8*$!
{
	archiveVersion = 1;
	classes = {
	};
	objectVersion = 46;
	objects = {

/* Begin PBXBuildFile section */
		1454C0F1094E266D00F594FE /* MyDocument.mm in Sources */ = {isa = PBXBuildFile; fileRef = 1454C0F0094E266D00F594FE /* MyDocument.mm */; };
		1454C1D6094F306B00F594FE /* OpenGL.framework in Frameworks */ = {isa = PBXBuildFile; fileRef = 1454C1D5094F306B00F594FE /* OpenGL.framework */; };
		1454C4360950A4A800F594FE /* BasicVTKView.mm in Sources */ = {isa = PBXBuildFile; fileRef = 1454C4350950A4A800F594FE /* BasicVTKView.mm */; };
		14A3028C119E0C3200D75B9A /* MainMenu.xib in Resources */ = {isa = PBXBuildFile; fileRef = 14A3028A119E0C3200D75B9A /* MainMenu.xib */; };
		14A3028D119E0C3200D75B9A /* MyDocument.xib in Resources */ = {isa = PBXBuildFile; fileRef = 14A3028B119E0C3200D75B9A /* MyDocument.xib */; };
		14B86359113C3E4200C9B42E /* SimpleCocoaVTK.xcconfig in Resources */ = {isa = PBXBuildFile; fileRef = 14B86358113C3E4200C9B42E /* SimpleCocoaVTK.xcconfig */; };
		69F864C71ACD76CE0057C42B /* IOKit.framework in Frameworks */ = {isa = PBXBuildFile; fileRef = 69F864C61ACD76CE0057C42B /* IOKit.framework */; };
		69F865351ACD76F60057C42B /* libvtkalglib-6.2.a in Frameworks */ = {isa = PBXBuildFile; fileRef = 69F864C81ACD76F50057C42B /* libvtkalglib-6.2.a */; };
		69F865361ACD76F60057C42B /* libvtkChartsCore-6.2.a in Frameworks */ = {isa = PBXBuildFile; fileRef = 69F864C91ACD76F50057C42B /* libvtkChartsCore-6.2.a */; };
		69F865371ACD76F60057C42B /* libvtkCommonColor-6.2.a in Frameworks */ = {isa = PBXBuildFile; fileRef = 69F864CA1ACD76F50057C42B /* libvtkCommonColor-6.2.a */; };
		69F865381ACD76F60057C42B /* libvtkCommonComputationalGeometry-6.2.a in Frameworks */ = {isa = PBXBuildFile; fileRef = 69F864CB1ACD76F50057C42B /* libvtkCommonComputationalGeometry-6.2.a */; };
		69F865391ACD76F60057C42B /* libvtkCommonCore-6.2.a in Frameworks */ = {isa = PBXBuildFile; fileRef = 69F864CC1ACD76F50057C42B /* libvtkCommonCore-6.2.a */; };
		69F8653A1ACD76F60057C42B /* libvtkCommonDataModel-6.2.a in Frameworks */ = {isa = PBXBuildFile; fileRef = 69F864CD1ACD76F50057C42B /* libvtkCommonDataModel-6.2.a */; };
		69F8653B1ACD76F60057C42B /* libvtkCommonExecutionModel-6.2.a in Frameworks */ = {isa = PBXBuildFile; fileRef = 69F864CE1ACD76F50057C42B /* libvtkCommonExecutionModel-6.2.a */; };
		69F8653C1ACD76F60057C42B /* libvtkCommonMath-6.2.a in Frameworks */ = {isa = PBXBuildFile; fileRef = 69F864CF1ACD76F50057C42B /* libvtkCommonMath-6.2.a */; };
		69F8653D1ACD76F60057C42B /* libvtkCommonMisc-6.2.a in Frameworks */ = {isa = PBXBuildFile; fileRef = 69F864D01ACD76F50057C42B /* libvtkCommonMisc-6.2.a */; };
		69F8653E1ACD76F60057C42B /* libvtkCommonSystem-6.2.a in Frameworks */ = {isa = PBXBuildFile; fileRef = 69F864D11ACD76F50057C42B /* libvtkCommonSystem-6.2.a */; };
		69F8653F1ACD76F60057C42B /* libvtkCommonTransforms-6.2.a in Frameworks */ = {isa = PBXBuildFile; fileRef = 69F864D21ACD76F50057C42B /* libvtkCommonTransforms-6.2.a */; };
		69F865401ACD76F60057C42B /* libvtkDICOMParser-6.2.a in Frameworks */ = {isa = PBXBuildFile; fileRef = 69F864D31ACD76F50057C42B /* libvtkDICOMParser-6.2.a */; };
		69F865411ACD76F60057C42B /* libvtkDomainsChemistry-6.2.a in Frameworks */ = {isa = PBXBuildFile; fileRef = 69F864D41ACD76F50057C42B /* libvtkDomainsChemistry-6.2.a */; };
		69F865421ACD76F60057C42B /* libvtkexoIIc-6.2.a in Frameworks */ = {isa = PBXBuildFile; fileRef = 69F864D51ACD76F50057C42B /* libvtkexoIIc-6.2.a */; };
		69F865431ACD76F60057C42B /* libvtkexpat-6.2.a in Frameworks */ = {isa = PBXBuildFile; fileRef = 69F864D61ACD76F50057C42B /* libvtkexpat-6.2.a */; };
		69F865441ACD76F60057C42B /* libvtkFiltersAMR-6.2.a in Frameworks */ = {isa = PBXBuildFile; fileRef = 69F864D71ACD76F50057C42B /* libvtkFiltersAMR-6.2.a */; };
		69F865451ACD76F60057C42B /* libvtkFiltersCore-6.2.a in Frameworks */ = {isa = PBXBuildFile; fileRef = 69F864D81ACD76F50057C42B /* libvtkFiltersCore-6.2.a */; };
		69F865461ACD76F60057C42B /* libvtkFiltersExtraction-6.2.a in Frameworks */ = {isa = PBXBuildFile; fileRef = 69F864D91ACD76F50057C42B /* libvtkFiltersExtraction-6.2.a */; };
		69F865471ACD76F60057C42B /* libvtkFiltersFlowPaths-6.2.a in Frameworks */ = {isa = PBXBuildFile; fileRef = 69F864DA1ACD76F50057C42B /* libvtkFiltersFlowPaths-6.2.a */; };
		69F865481ACD76F60057C42B /* libvtkFiltersGeneral-6.2.a in Frameworks */ = {isa = PBXBuildFile; fileRef = 69F864DB1ACD76F50057C42B /* libvtkFiltersGeneral-6.2.a */; };
		69F865491ACD76F60057C42B /* libvtkFiltersGeneric-6.2.a in Frameworks */ = {isa = PBXBuildFile; fileRef = 69F864DC1ACD76F50057C42B /* libvtkFiltersGeneric-6.2.a */; };
		69F8654A1ACD76F60057C42B /* libvtkFiltersGeometry-6.2.a in Frameworks */ = {isa = PBXBuildFile; fileRef = 69F864DD1ACD76F50057C42B /* libvtkFiltersGeometry-6.2.a */; };
		69F8654B1ACD76F60057C42B /* libvtkFiltersHybrid-6.2.a in Frameworks */ = {isa = PBXBuildFile; fileRef = 69F864DE1ACD76F50057C42B /* libvtkFiltersHybrid-6.2.a */; };
		69F8654C1ACD76F60057C42B /* libvtkFiltersHyperTree-6.2.a in Frameworks */ = {isa = PBXBuildFile; fileRef = 69F864DF1ACD76F50057C42B /* libvtkFiltersHyperTree-6.2.a */; };
		69F8654D1ACD76F60057C42B /* libvtkFiltersImaging-6.2.a in Frameworks */ = {isa = PBXBuildFile; fileRef = 69F864E01ACD76F50057C42B /* libvtkFiltersImaging-6.2.a */; };
		69F8654E1ACD76F60057C42B /* libvtkFiltersModeling-6.2.a in Frameworks */ = {isa = PBXBuildFile; fileRef = 69F864E11ACD76F50057C42B /* libvtkFiltersModeling-6.2.a */; };
		69F8654F1ACD76F60057C42B /* libvtkFiltersParallel-6.2.a in Frameworks */ = {isa = PBXBuildFile; fileRef = 69F864E21ACD76F50057C42B /* libvtkFiltersParallel-6.2.a */; };
		69F865501ACD76F60057C42B /* libvtkFiltersParallelImaging-6.2.a in Frameworks */ = {isa = PBXBuildFile; fileRef = 69F864E31ACD76F50057C42B /* libvtkFiltersParallelImaging-6.2.a */; };
		69F865511ACD76F60057C42B /* libvtkFiltersProgrammable-6.2.a in Frameworks */ = {isa = PBXBuildFile; fileRef = 69F864E41ACD76F50057C42B /* libvtkFiltersProgrammable-6.2.a */; };
		69F865521ACD76F60057C42B /* libvtkFiltersSelection-6.2.a in Frameworks */ = {isa = PBXBuildFile; fileRef = 69F864E51ACD76F50057C42B /* libvtkFiltersSelection-6.2.a */; };
		69F865531ACD76F60057C42B /* libvtkFiltersSMP-6.2.a in Frameworks */ = {isa = PBXBuildFile; fileRef = 69F864E61ACD76F50057C42B /* libvtkFiltersSMP-6.2.a */; };
		69F865541ACD76F60057C42B /* libvtkFiltersSources-6.2.a in Frameworks */ = {isa = PBXBuildFile; fileRef = 69F864E71ACD76F50057C42B /* libvtkFiltersSources-6.2.a */; };
		69F865551ACD76F60057C42B /* libvtkFiltersStatistics-6.2.a in Frameworks */ = {isa = PBXBuildFile; fileRef = 69F864E81ACD76F50057C42B /* libvtkFiltersStatistics-6.2.a */; };
		69F865561ACD76F60057C42B /* libvtkFiltersTexture-6.2.a in Frameworks */ = {isa = PBXBuildFile; fileRef = 69F864E91ACD76F50057C42B /* libvtkFiltersTexture-6.2.a */; };
		69F865571ACD76F60057C42B /* libvtkFiltersVerdict-6.2.a in Frameworks */ = {isa = PBXBuildFile; fileRef = 69F864EA1ACD76F50057C42B /* libvtkFiltersVerdict-6.2.a */; };
		69F865581ACD76F60057C42B /* libvtkfreetype-6.2.a in Frameworks */ = {isa = PBXBuildFile; fileRef = 69F864EB1ACD76F50057C42B /* libvtkfreetype-6.2.a */; };
		69F865591ACD76F60057C42B /* libvtkftgl-6.2.a in Frameworks */ = {isa = PBXBuildFile; fileRef = 69F864EC1ACD76F50057C42B /* libvtkftgl-6.2.a */; };
		69F8655A1ACD76F60057C42B /* libvtkGeovisCore-6.2.a in Frameworks */ = {isa = PBXBuildFile; fileRef = 69F864ED1ACD76F50057C42B /* libvtkGeovisCore-6.2.a */; };
		69F8655B1ACD76F60057C42B /* libvtkgl2ps-6.2.a in Frameworks */ = {isa = PBXBuildFile; fileRef = 69F864EE1ACD76F50057C42B /* libvtkgl2ps-6.2.a */; };
		69F8655C1ACD76F60057C42B /* libvtkhdf5_hl-6.2.a in Frameworks */ = {isa = PBXBuildFile; fileRef = 69F864EF1ACD76F50057C42B /* libvtkhdf5_hl-6.2.a */; };
		69F8655D1ACD76F60057C42B /* libvtkhdf5-6.2.a in Frameworks */ = {isa = PBXBuildFile; fileRef = 69F864F01ACD76F50057C42B /* libvtkhdf5-6.2.a */; };
		69F8655E1ACD76F60057C42B /* libvtkImagingColor-6.2.a in Frameworks */ = {isa = PBXBuildFile; fileRef = 69F864F11ACD76F50057C42B /* libvtkImagingColor-6.2.a */; };
		69F8655F1ACD76F60057C42B /* libvtkImagingCore-6.2.a in Frameworks */ = {isa = PBXBuildFile; fileRef = 69F864F21ACD76F50057C42B /* libvtkImagingCore-6.2.a */; };
		69F865601ACD76F60057C42B /* libvtkImagingFourier-6.2.a in Frameworks */ = {isa = PBXBuildFile; fileRef = 69F864F31ACD76F50057C42B /* libvtkImagingFourier-6.2.a */; };
		69F865611ACD76F60057C42B /* libvtkImagingGeneral-6.2.a in Frameworks */ = {isa = PBXBuildFile; fileRef = 69F864F41ACD76F50057C42B /* libvtkImagingGeneral-6.2.a */; };
		69F865621ACD76F60057C42B /* libvtkImagingHybrid-6.2.a in Frameworks */ = {isa = PBXBuildFile; fileRef = 69F864F51ACD76F50057C42B /* libvtkImagingHybrid-6.2.a */; };
		69F865631ACD76F60057C42B /* libvtkImagingMath-6.2.a in Frameworks */ = {isa = PBXBuildFile; fileRef = 69F864F61ACD76F50057C42B /* libvtkImagingMath-6.2.a */; };
		69F865641ACD76F60057C42B /* libvtkImagingMorphological-6.2.a in Frameworks */ = {isa = PBXBuildFile; fileRef = 69F864F71ACD76F50057C42B /* libvtkImagingMorphological-6.2.a */; };
		69F865651ACD76F60057C42B /* libvtkImagingSources-6.2.a in Frameworks */ = {isa = PBXBuildFile; fileRef = 69F864F81ACD76F50057C42B /* libvtkImagingSources-6.2.a */; };
		69F865661ACD76F60057C42B /* libvtkImagingStatistics-6.2.a in Frameworks */ = {isa = PBXBuildFile; fileRef = 69F864F91ACD76F50057C42B /* libvtkImagingStatistics-6.2.a */; };
		69F865671ACD76F60057C42B /* libvtkImagingStencil-6.2.a in Frameworks */ = {isa = PBXBuildFile; fileRef = 69F864FA1ACD76F50057C42B /* libvtkImagingStencil-6.2.a */; };
		69F865681ACD76F60057C42B /* libvtkInfovisCore-6.2.a in Frameworks */ = {isa = PBXBuildFile; fileRef = 69F864FB1ACD76F50057C42B /* libvtkInfovisCore-6.2.a */; };
		69F865691ACD76F60057C42B /* libvtkInfovisLayout-6.2.a in Frameworks */ = {isa = PBXBuildFile; fileRef = 69F864FC1ACD76F50057C42B /* libvtkInfovisLayout-6.2.a */; };
		69F8656A1ACD76F60057C42B /* libvtkInteractionImage-6.2.a in Frameworks */ = {isa = PBXBuildFile; fileRef = 69F864FD1ACD76F50057C42B /* libvtkInteractionImage-6.2.a */; };
		69F8656B1ACD76F60057C42B /* libvtkInteractionStyle-6.2.a in Frameworks */ = {isa = PBXBuildFile; fileRef = 69F864FE1ACD76F50057C42B /* libvtkInteractionStyle-6.2.a */; };
		69F8656C1ACD76F60057C42B /* libvtkInteractionWidgets-6.2.a in Frameworks */ = {isa = PBXBuildFile; fileRef = 69F864FF1ACD76F50057C42B /* libvtkInteractionWidgets-6.2.a */; };
		69F8656D1ACD76F60057C42B /* libvtkIOAMR-6.2.a in Frameworks */ = {isa = PBXBuildFile; fileRef = 69F865001ACD76F50057C42B /* libvtkIOAMR-6.2.a */; };
		69F8656E1ACD76F60057C42B /* libvtkIOCore-6.2.a in Frameworks */ = {isa = PBXBuildFile; fileRef = 69F865011ACD76F50057C42B /* libvtkIOCore-6.2.a */; };
		69F8656F1ACD76F60057C42B /* libvtkIOEnSight-6.2.a in Frameworks */ = {isa = PBXBuildFile; fileRef = 69F865021ACD76F50057C42B /* libvtkIOEnSight-6.2.a */; };
		69F865701ACD76F60057C42B /* libvtkIOExodus-6.2.a in Frameworks */ = {isa = PBXBuildFile; fileRef = 69F865031ACD76F50057C42B /* libvtkIOExodus-6.2.a */; };
		69F865711ACD76F60057C42B /* libvtkIOExport-6.2.a in Frameworks */ = {isa = PBXBuildFile; fileRef = 69F865041ACD76F50057C42B /* libvtkIOExport-6.2.a */; };
		69F865721ACD76F60057C42B /* libvtkIOGeometry-6.2.a in Frameworks */ = {isa = PBXBuildFile; fileRef = 69F865051ACD76F50057C42B /* libvtkIOGeometry-6.2.a */; };
		69F865731ACD76F60057C42B /* libvtkIOImage-6.2.a in Frameworks */ = {isa = PBXBuildFile; fileRef = 69F865061ACD76F50057C42B /* libvtkIOImage-6.2.a */; };
		69F865741ACD76F60057C42B /* libvtkIOImport-6.2.a in Frameworks */ = {isa = PBXBuildFile; fileRef = 69F865071ACD76F50057C42B /* libvtkIOImport-6.2.a */; };
		69F865751ACD76F60057C42B /* libvtkIOInfovis-6.2.a in Frameworks */ = {isa = PBXBuildFile; fileRef = 69F865081ACD76F50057C42B /* libvtkIOInfovis-6.2.a */; };
		69F865761ACD76F60057C42B /* libvtkIOLegacy-6.2.a in Frameworks */ = {isa = PBXBuildFile; fileRef = 69F865091ACD76F50057C42B /* libvtkIOLegacy-6.2.a */; };
		69F865771ACD76F60057C42B /* libvtkIOLSDyna-6.2.a in Frameworks */ = {isa = PBXBuildFile; fileRef = 69F8650A1ACD76F50057C42B /* libvtkIOLSDyna-6.2.a */; };
		69F865781ACD76F60057C42B /* libvtkIOMINC-6.2.a in Frameworks */ = {isa = PBXBuildFile; fileRef = 69F8650B1ACD76F50057C42B /* libvtkIOMINC-6.2.a */; };
		69F865791ACD76F60057C42B /* libvtkIOMovie-6.2.a in Frameworks */ = {isa = PBXBuildFile; fileRef = 69F8650C1ACD76F50057C42B /* libvtkIOMovie-6.2.a */; };
		69F8657A1ACD76F60057C42B /* libvtkIONetCDF-6.2.a in Frameworks */ = {isa = PBXBuildFile; fileRef = 69F8650D1ACD76F50057C42B /* libvtkIONetCDF-6.2.a */; };
		69F8657B1ACD76F60057C42B /* libvtkIOParallel-6.2.a in Frameworks */ = {isa = PBXBuildFile; fileRef = 69F8650E1ACD76F50057C42B /* libvtkIOParallel-6.2.a */; };
		69F8657C1ACD76F60057C42B /* libvtkIOParallelXML-6.2.a in Frameworks */ = {isa = PBXBuildFile; fileRef = 69F8650F1ACD76F50057C42B /* libvtkIOParallelXML-6.2.a */; };
		69F8657D1ACD76F60057C42B /* libvtkIOPLY-6.2.a in Frameworks */ = {isa = PBXBuildFile; fileRef = 69F865101ACD76F50057C42B /* libvtkIOPLY-6.2.a */; };
		69F8657E1ACD76F60057C42B /* libvtkIOSQL-6.2.a in Frameworks */ = {isa = PBXBuildFile; fileRef = 69F865111ACD76F50057C42B /* libvtkIOSQL-6.2.a */; };
		69F8657F1ACD76F60057C42B /* libvtkIOVideo-6.2.a in Frameworks */ = {isa = PBXBuildFile; fileRef = 69F865121ACD76F50057C42B /* libvtkIOVideo-6.2.a */; };
		69F865801ACD76F60057C42B /* libvtkIOXML-6.2.a in Frameworks */ = {isa = PBXBuildFile; fileRef = 69F865131ACD76F50057C42B /* libvtkIOXML-6.2.a */; };
		69F865811ACD76F60057C42B /* libvtkIOXMLParser-6.2.a in Frameworks */ = {isa = PBXBuildFile; fileRef = 69F865141ACD76F50057C42B /* libvtkIOXMLParser-6.2.a */; };
		69F865821ACD76F60057C42B /* libvtkjpeg-6.2.a in Frameworks */ = {isa = PBXBuildFile; fileRef = 69F865151ACD76F50057C42B /* libvtkjpeg-6.2.a */; };
		69F865831ACD76F60057C42B /* libvtkjsoncpp-6.2.a in Frameworks */ = {isa = PBXBuildFile; fileRef = 69F865161ACD76F50057C42B /* libvtkjsoncpp-6.2.a */; };
		69F865841ACD76F60057C42B /* libvtklibxml2-6.2.a in Frameworks */ = {isa = PBXBuildFile; fileRef = 69F865171ACD76F50057C42B /* libvtklibxml2-6.2.a */; };
		69F865851ACD76F60057C42B /* libvtkmetaio-6.2.a in Frameworks */ = {isa = PBXBuildFile; fileRef = 69F865181ACD76F50057C42B /* libvtkmetaio-6.2.a */; };
		69F865861ACD76F60057C42B /* libvtkNetCDF_cxx-6.2.a in Frameworks */ = {isa = PBXBuildFile; fileRef = 69F865191ACD76F50057C42B /* libvtkNetCDF_cxx-6.2.a */; };
		69F865871ACD76F60057C42B /* libvtkNetCDF-6.2.a in Frameworks */ = {isa = PBXBuildFile; fileRef = 69F8651A1ACD76F50057C42B /* libvtkNetCDF-6.2.a */; };
		69F865881ACD76F60057C42B /* libvtkoggtheora-6.2.a in Frameworks */ = {isa = PBXBuildFile; fileRef = 69F8651B1ACD76F50057C42B /* libvtkoggtheora-6.2.a */; };
		69F865891ACD76F60057C42B /* libvtkParallelCore-6.2.a in Frameworks */ = {isa = PBXBuildFile; fileRef = 69F8651C1ACD76F50057C42B /* libvtkParallelCore-6.2.a */; };
		69F8658A1ACD76F60057C42B /* libvtkpng-6.2.a in Frameworks */ = {isa = PBXBuildFile; fileRef = 69F8651D1ACD76F50057C42B /* libvtkpng-6.2.a */; };
		69F8658B1ACD76F60057C42B /* libvtkproj4-6.2.a in Frameworks */ = {isa = PBXBuildFile; fileRef = 69F8651E1ACD76F60057C42B /* libvtkproj4-6.2.a */; };
		69F8658C1ACD76F60057C42B /* libvtkRenderingAnnotation-6.2.a in Frameworks */ = {isa = PBXBuildFile; fileRef = 69F8651F1ACD76F60057C42B /* libvtkRenderingAnnotation-6.2.a */; };
		69F8658D1ACD76F60057C42B /* libvtkRenderingContext2D-6.2.a in Frameworks */ = {isa = PBXBuildFile; fileRef = 69F865201ACD76F60057C42B /* libvtkRenderingContext2D-6.2.a */; };
		69F8658E1ACD76F60057C42B /* libvtkRenderingContextOpenGL-6.2.a in Frameworks */ = {isa = PBXBuildFile; fileRef = 69F865211ACD76F60057C42B /* libvtkRenderingContextOpenGL-6.2.a */; };
		69F8658F1ACD76F60057C42B /* libvtkRenderingCore-6.2.a in Frameworks */ = {isa = PBXBuildFile; fileRef = 69F865221ACD76F60057C42B /* libvtkRenderingCore-6.2.a */; };
		69F865901ACD76F60057C42B /* libvtkRenderingFreeType-6.2.a in Frameworks */ = {isa = PBXBuildFile; fileRef = 69F865231ACD76F60057C42B /* libvtkRenderingFreeType-6.2.a */; };
		69F865911ACD76F60057C42B /* libvtkRenderingFreeTypeOpenGL-6.2.a in Frameworks */ = {isa = PBXBuildFile; fileRef = 69F865241ACD76F60057C42B /* libvtkRenderingFreeTypeOpenGL-6.2.a */; };
		69F865921ACD76F60057C42B /* libvtkRenderingGL2PS-6.2.a in Frameworks */ = {isa = PBXBuildFile; fileRef = 69F865251ACD76F60057C42B /* libvtkRenderingGL2PS-6.2.a */; };
		69F865931ACD76F60057C42B /* libvtkRenderingImage-6.2.a in Frameworks */ = {isa = PBXBuildFile; fileRef = 69F865261ACD76F60057C42B /* libvtkRenderingImage-6.2.a */; };
		69F865941ACD76F60057C42B /* libvtkRenderingLabel-6.2.a in Frameworks */ = {isa = PBXBuildFile; fileRef = 69F865271ACD76F60057C42B /* libvtkRenderingLabel-6.2.a */; };
		69F865951ACD76F60057C42B /* libvtkRenderingLIC-6.2.a in Frameworks */ = {isa = PBXBuildFile; fileRef = 69F865281ACD76F60057C42B /* libvtkRenderingLIC-6.2.a */; };
		69F865961ACD76F60057C42B /* libvtkRenderingLOD-6.2.a in Frameworks */ = {isa = PBXBuildFile; fileRef = 69F865291ACD76F60057C42B /* libvtkRenderingLOD-6.2.a */; };
		69F865971ACD76F60057C42B /* libvtkRenderingOpenGL-6.2.a in Frameworks */ = {isa = PBXBuildFile; fileRef = 69F8652A1ACD76F60057C42B /* libvtkRenderingOpenGL-6.2.a */; };
		69F865981ACD76F60057C42B /* libvtkRenderingVolume-6.2.a in Frameworks */ = {isa = PBXBuildFile; fileRef = 69F8652B1ACD76F60057C42B /* libvtkRenderingVolume-6.2.a */; };
		69F865991ACD76F60057C42B /* libvtkRenderingVolumeOpenGL-6.2.a in Frameworks */ = {isa = PBXBuildFile; fileRef = 69F8652C1ACD76F60057C42B /* libvtkRenderingVolumeOpenGL-6.2.a */; };
		69F8659A1ACD76F60057C42B /* libvtksqlite-6.2.a in Frameworks */ = {isa = PBXBuildFile; fileRef = 69F8652D1ACD76F60057C42B /* libvtksqlite-6.2.a */; };
		69F8659B1ACD76F60057C42B /* libvtksys-6.2.a in Frameworks */ = {isa = PBXBuildFile; fileRef = 69F8652E1ACD76F60057C42B /* libvtksys-6.2.a */; };
		69F8659C1ACD76F60057C42B /* libvtktiff-6.2.a in Frameworks */ = {isa = PBXBuildFile; fileRef = 69F8652F1ACD76F60057C42B /* libvtktiff-6.2.a */; };
		69F8659D1ACD76F60057C42B /* libvtkverdict-6.2.a in Frameworks */ = {isa = PBXBuildFile; fileRef = 69F865301ACD76F60057C42B /* libvtkverdict-6.2.a */; };
		69F8659E1ACD76F60057C42B /* libvtkViewsContext2D-6.2.a in Frameworks */ = {isa = PBXBuildFile; fileRef = 69F865311ACD76F60057C42B /* libvtkViewsContext2D-6.2.a */; };
		69F8659F1ACD76F60057C42B /* libvtkViewsCore-6.2.a in Frameworks */ = {isa = PBXBuildFile; fileRef = 69F865321ACD76F60057C42B /* libvtkViewsCore-6.2.a */; };
		69F865A01ACD76F60057C42B /* libvtkViewsInfovis-6.2.a in Frameworks */ = {isa = PBXBuildFile; fileRef = 69F865331ACD76F60057C42B /* libvtkViewsInfovis-6.2.a */; };
		69F865A11ACD76F60057C42B /* libvtkzlib-6.2.a in Frameworks */ = {isa = PBXBuildFile; fileRef = 69F865341ACD76F60057C42B /* libvtkzlib-6.2.a */; };
		69F8660F1ACD77060057C42B /* libvtkalglib-6.2.a in Resources */ = {isa = PBXBuildFile; fileRef = 69F864C81ACD76F50057C42B /* libvtkalglib-6.2.a */; };
		69F866101ACD77060057C42B /* libvtkChartsCore-6.2.a in Resources */ = {isa = PBXBuildFile; fileRef = 69F864C91ACD76F50057C42B /* libvtkChartsCore-6.2.a */; };
		69F866111ACD77060057C42B /* libvtkCommonColor-6.2.a in Resources */ = {isa = PBXBuildFile; fileRef = 69F864CA1ACD76F50057C42B /* libvtkCommonColor-6.2.a */; };
		69F866121ACD77060057C42B /* libvtkCommonComputationalGeometry-6.2.a in Resources */ = {isa = PBXBuildFile; fileRef = 69F864CB1ACD76F50057C42B /* libvtkCommonComputationalGeometry-6.2.a */; };
		69F866131ACD77060057C42B /* libvtkCommonCore-6.2.a in Resources */ = {isa = PBXBuildFile; fileRef = 69F864CC1ACD76F50057C42B /* libvtkCommonCore-6.2.a */; };
		69F866141ACD77060057C42B /* libvtkCommonDataModel-6.2.a in Resources */ = {isa = PBXBuildFile; fileRef = 69F864CD1ACD76F50057C42B /* libvtkCommonDataModel-6.2.a */; };
		69F866151ACD77060057C42B /* libvtkCommonExecutionModel-6.2.a in Resources */ = {isa = PBXBuildFile; fileRef = 69F864CE1ACD76F50057C42B /* libvtkCommonExecutionModel-6.2.a */; };
		69F866161ACD77060057C42B /* libvtkCommonMath-6.2.a in Resources */ = {isa = PBXBuildFile; fileRef = 69F864CF1ACD76F50057C42B /* libvtkCommonMath-6.2.a */; };
		69F866171ACD77060057C42B /* libvtkCommonMisc-6.2.a in Resources */ = {isa = PBXBuildFile; fileRef = 69F864D01ACD76F50057C42B /* libvtkCommonMisc-6.2.a */; };
		69F866181ACD77060057C42B /* libvtkCommonSystem-6.2.a in Resources */ = {isa = PBXBuildFile; fileRef = 69F864D11ACD76F50057C42B /* libvtkCommonSystem-6.2.a */; };
		69F866191ACD77060057C42B /* libvtkCommonTransforms-6.2.a in Resources */ = {isa = PBXBuildFile; fileRef = 69F864D21ACD76F50057C42B /* libvtkCommonTransforms-6.2.a */; };
		69F8661A1ACD77060057C42B /* libvtkDICOMParser-6.2.a in Resources */ = {isa = PBXBuildFile; fileRef = 69F864D31ACD76F50057C42B /* libvtkDICOMParser-6.2.a */; };
		69F8661B1ACD77060057C42B /* libvtkDomainsChemistry-6.2.a in Resources */ = {isa = PBXBuildFile; fileRef = 69F864D41ACD76F50057C42B /* libvtkDomainsChemistry-6.2.a */; };
		69F8661C1ACD77060057C42B /* libvtkexoIIc-6.2.a in Resources */ = {isa = PBXBuildFile; fileRef = 69F864D51ACD76F50057C42B /* libvtkexoIIc-6.2.a */; };
		69F8661D1ACD77060057C42B /* libvtkexpat-6.2.a in Resources */ = {isa = PBXBuildFile; fileRef = 69F864D61ACD76F50057C42B /* libvtkexpat-6.2.a */; };
		69F8661E1ACD77060057C42B /* libvtkFiltersAMR-6.2.a in Resources */ = {isa = PBXBuildFile; fileRef = 69F864D71ACD76F50057C42B /* libvtkFiltersAMR-6.2.a */; };
		69F8661F1ACD77060057C42B /* libvtkFiltersCore-6.2.a in Resources */ = {isa = PBXBuildFile; fileRef = 69F864D81ACD76F50057C42B /* libvtkFiltersCore-6.2.a */; };
		69F866201ACD77060057C42B /* libvtkFiltersExtraction-6.2.a in Resources */ = {isa = PBXBuildFile; fileRef = 69F864D91ACD76F50057C42B /* libvtkFiltersExtraction-6.2.a */; };
		69F866211ACD77060057C42B /* libvtkFiltersFlowPaths-6.2.a in Resources */ = {isa = PBXBuildFile; fileRef = 69F864DA1ACD76F50057C42B /* libvtkFiltersFlowPaths-6.2.a */; };
		69F866221ACD77060057C42B /* libvtkFiltersGeneral-6.2.a in Resources */ = {isa = PBXBuildFile; fileRef = 69F864DB1ACD76F50057C42B /* libvtkFiltersGeneral-6.2.a */; };
		69F866231ACD77060057C42B /* libvtkFiltersGeneric-6.2.a in Resources */ = {isa = PBXBuildFile; fileRef = 69F864DC1ACD76F50057C42B /* libvtkFiltersGeneric-6.2.a */; };
		69F866241ACD77060057C42B /* libvtkFiltersGeometry-6.2.a in Resources */ = {isa = PBXBuildFile; fileRef = 69F864DD1ACD76F50057C42B /* libvtkFiltersGeometry-6.2.a */; };
		69F866251ACD77060057C42B /* libvtkFiltersHybrid-6.2.a in Resources */ = {isa = PBXBuildFile; fileRef = 69F864DE1ACD76F50057C42B /* libvtkFiltersHybrid-6.2.a */; };
		69F866261ACD77060057C42B /* libvtkFiltersHyperTree-6.2.a in Resources */ = {isa = PBXBuildFile; fileRef = 69F864DF1ACD76F50057C42B /* libvtkFiltersHyperTree-6.2.a */; };
		69F866271ACD77060057C42B /* libvtkFiltersImaging-6.2.a in Resources */ = {isa = PBXBuildFile; fileRef = 69F864E01ACD76F50057C42B /* libvtkFiltersImaging-6.2.a */; };
		69F866281ACD77060057C42B /* libvtkFiltersModeling-6.2.a in Resources */ = {isa = PBXBuildFile; fileRef = 69F864E11ACD76F50057C42B /* libvtkFiltersModeling-6.2.a */; };
		69F866291ACD77060057C42B /* libvtkFiltersParallel-6.2.a in Resources */ = {isa = PBXBuildFile; fileRef = 69F864E21ACD76F50057C42B /* libvtkFiltersParallel-6.2.a */; };
		69F8662A1ACD77060057C42B /* libvtkFiltersParallelImaging-6.2.a in Resources */ = {isa = PBXBuildFile; fileRef = 69F864E31ACD76F50057C42B /* libvtkFiltersParallelImaging-6.2.a */; };
		69F8662B1ACD77060057C42B /* libvtkFiltersProgrammable-6.2.a in Resources */ = {isa = PBXBuildFile; fileRef = 69F864E41ACD76F50057C42B /* libvtkFiltersProgrammable-6.2.a */; };
		69F8662C1ACD77060057C42B /* libvtkFiltersSelection-6.2.a in Resources */ = {isa = PBXBuildFile; fileRef = 69F864E51ACD76F50057C42B /* libvtkFiltersSelection-6.2.a */; };
		69F8662D1ACD77060057C42B /* libvtkFiltersSMP-6.2.a in Resources */ = {isa = PBXBuildFile; fileRef = 69F864E61ACD76F50057C42B /* libvtkFiltersSMP-6.2.a */; };
		69F8662E1ACD77060057C42B /* libvtkFiltersSources-6.2.a in Resources */ = {isa = PBXBuildFile; fileRef = 69F864E71ACD76F50057C42B /* libvtkFiltersSources-6.2.a */; };
		69F8662F1ACD77060057C42B /* libvtkFiltersStatistics-6.2.a in Resources */ = {isa = PBXBuildFile; fileRef = 69F864E81ACD76F50057C42B /* libvtkFiltersStatistics-6.2.a */; };
		69F866301ACD77060057C42B /* libvtkFiltersTexture-6.2.a in Resources */ = {isa = PBXBuildFile; fileRef = 69F864E91ACD76F50057C42B /* libvtkFiltersTexture-6.2.a */; };
		69F866311ACD77060057C42B /* libvtkFiltersVerdict-6.2.a in Resources */ = {isa = PBXBuildFile; fileRef = 69F864EA1ACD76F50057C42B /* libvtkFiltersVerdict-6.2.a */; };
		69F866321ACD77060057C42B /* libvtkfreetype-6.2.a in Resources */ = {isa = PBXBuildFile; fileRef = 69F864EB1ACD76F50057C42B /* libvtkfreetype-6.2.a */; };
		69F866331ACD77060057C42B /* libvtkftgl-6.2.a in Resources */ = {isa = PBXBuildFile; fileRef = 69F864EC1ACD76F50057C42B /* libvtkftgl-6.2.a */; };
		69F866341ACD77060057C42B /* libvtkGeovisCore-6.2.a in Resources */ = {isa = PBXBuildFile; fileRef = 69F864ED1ACD76F50057C42B /* libvtkGeovisCore-6.2.a */; };
		69F866351ACD77060057C42B /* libvtkgl2ps-6.2.a in Resources */ = {isa = PBXBuildFile; fileRef = 69F864EE1ACD76F50057C42B /* libvtkgl2ps-6.2.a */; };
		69F866361ACD77060057C42B /* libvtkhdf5_hl-6.2.a in Resources */ = {isa = PBXBuildFile; fileRef = 69F864EF1ACD76F50057C42B /* libvtkhdf5_hl-6.2.a */; };
		69F866371ACD77060057C42B /* libvtkhdf5-6.2.a in Resources */ = {isa = PBXBuildFile; fileRef = 69F864F01ACD76F50057C42B /* libvtkhdf5-6.2.a */; };
		69F866381ACD77060057C42B /* libvtkImagingColor-6.2.a in Resources */ = {isa = PBXBuildFile; fileRef = 69F864F11ACD76F50057C42B /* libvtkImagingColor-6.2.a */; };
		69F866391ACD77060057C42B /* libvtkImagingCore-6.2.a in Resources */ = {isa = PBXBuildFile; fileRef = 69F864F21ACD76F50057C42B /* libvtkImagingCore-6.2.a */; };
		69F8663A1ACD77060057C42B /* libvtkImagingFourier-6.2.a in Resources */ = {isa = PBXBuildFile; fileRef = 69F864F31ACD76F50057C42B /* libvtkImagingFourier-6.2.a */; };
		69F8663B1ACD77060057C42B /* libvtkImagingGeneral-6.2.a in Resources */ = {isa = PBXBuildFile; fileRef = 69F864F41ACD76F50057C42B /* libvtkImagingGeneral-6.2.a */; };
		69F8663C1ACD77060057C42B /* libvtkImagingHybrid-6.2.a in Resources */ = {isa = PBXBuildFile; fileRef = 69F864F51ACD76F50057C42B /* libvtkImagingHybrid-6.2.a */; };
		69F8663D1ACD77060057C42B /* libvtkImagingMath-6.2.a in Resources */ = {isa = PBXBuildFile; fileRef = 69F864F61ACD76F50057C42B /* libvtkImagingMath-6.2.a */; };
		69F8663E1ACD77060057C42B /* libvtkImagingMorphological-6.2.a in Resources */ = {isa = PBXBuildFile; fileRef = 69F864F71ACD76F50057C42B /* libvtkImagingMorphological-6.2.a */; };
		69F8663F1ACD77060057C42B /* libvtkImagingSources-6.2.a in Resources */ = {isa = PBXBuildFile; fileRef = 69F864F81ACD76F50057C42B /* libvtkImagingSources-6.2.a */; };
		69F866401ACD77060057C42B /* libvtkImagingStatistics-6.2.a in Resources */ = {isa = PBXBuildFile; fileRef = 69F864F91ACD76F50057C42B /* libvtkImagingStatistics-6.2.a */; };
		69F866411ACD77060057C42B /* libvtkImagingStencil-6.2.a in Resources */ = {isa = PBXBuildFile; fileRef = 69F864FA1ACD76F50057C42B /* libvtkImagingStencil-6.2.a */; };
		69F866421ACD77060057C42B /* libvtkInfovisCore-6.2.a in Resources */ = {isa = PBXBuildFile; fileRef = 69F864FB1ACD76F50057C42B /* libvtkInfovisCore-6.2.a */; };
		69F866431ACD77060057C42B /* libvtkInfovisLayout-6.2.a in Resources */ = {isa = PBXBuildFile; fileRef = 69F864FC1ACD76F50057C42B /* libvtkInfovisLayout-6.2.a */; };
		69F866441ACD77060057C42B /* libvtkInteractionImage-6.2.a in Resources */ = {isa = PBXBuildFile; fileRef = 69F864FD1ACD76F50057C42B /* libvtkInteractionImage-6.2.a */; };
		69F866451ACD77060057C42B /* libvtkInteractionStyle-6.2.a in Resources */ = {isa = PBXBuildFile; fileRef = 69F864FE1ACD76F50057C42B /* libvtkInteractionStyle-6.2.a */; };
		69F866461ACD77060057C42B /* libvtkInteractionWidgets-6.2.a in Resources */ = {isa = PBXBuildFile; fileRef = 69F864FF1ACD76F50057C42B /* libvtkInteractionWidgets-6.2.a */; };
		69F866471ACD77060057C42B /* libvtkIOAMR-6.2.a in Resources */ = {isa = PBXBuildFile; fileRef = 69F865001ACD76F50057C42B /* libvtkIOAMR-6.2.a */; };
		69F866481ACD77060057C42B /* libvtkIOCore-6.2.a in Resources */ = {isa = PBXBuildFile; fileRef = 69F865011ACD76F50057C42B /* libvtkIOCore-6.2.a */; };
		69F866491ACD77060057C42B /* libvtkIOEnSight-6.2.a in Resources */ = {isa = PBXBuildFile; fileRef = 69F865021ACD76F50057C42B /* libvtkIOEnSight-6.2.a */; };
		69F8664A1ACD77060057C42B /* libvtkIOExodus-6.2.a in Resources */ = {isa = PBXBuildFile; fileRef = 69F865031ACD76F50057C42B /* libvtkIOExodus-6.2.a */; };
		69F8664B1ACD77060057C42B /* libvtkIOExport-6.2.a in Resources */ = {isa = PBXBuildFile; fileRef = 69F865041ACD76F50057C42B /* libvtkIOExport-6.2.a */; };
		69F8664C1ACD77060057C42B /* libvtkIOGeometry-6.2.a in Resources */ = {isa = PBXBuildFile; fileRef = 69F865051ACD76F50057C42B /* libvtkIOGeometry-6.2.a */; };
		69F8664D1ACD77060057C42B /* libvtkIOImage-6.2.a in Resources */ = {isa = PBXBuildFile; fileRef = 69F865061ACD76F50057C42B /* libvtkIOImage-6.2.a */; };
		69F8664E1ACD77060057C42B /* libvtkIOImport-6.2.a in Resources */ = {isa = PBXBuildFile; fileRef = 69F865071ACD76F50057C42B /* libvtkIOImport-6.2.a */; };
		69F8664F1ACD77060057C42B /* libvtkIOInfovis-6.2.a in Resources */ = {isa = PBXBuildFile; fileRef = 69F865081ACD76F50057C42B /* libvtkIOInfovis-6.2.a */; };
		69F866501ACD77060057C42B /* libvtkIOLegacy-6.2.a in Resources */ = {isa = PBXBuildFile; fileRef = 69F865091ACD76F50057C42B /* libvtkIOLegacy-6.2.a */; };
		69F866511ACD77060057C42B /* libvtkIOLSDyna-6.2.a in Resources */ = {isa = PBXBuildFile; fileRef = 69F8650A1ACD76F50057C42B /* libvtkIOLSDyna-6.2.a */; };
		69F866521ACD77060057C42B /* libvtkIOMINC-6.2.a in Resources */ = {isa = PBXBuildFile; fileRef = 69F8650B1ACD76F50057C42B /* libvtkIOMINC-6.2.a */; };
		69F866531ACD77060057C42B /* libvtkIOMovie-6.2.a in Resources */ = {isa = PBXBuildFile; fileRef = 69F8650C1ACD76F50057C42B /* libvtkIOMovie-6.2.a */; };
		69F866541ACD77060057C42B /* libvtkIONetCDF-6.2.a in Resources */ = {isa = PBXBuildFile; fileRef = 69F8650D1ACD76F50057C42B /* libvtkIONetCDF-6.2.a */; };
		69F866551ACD77060057C42B /* libvtkIOParallel-6.2.a in Resources */ = {isa = PBXBuildFile; fileRef = 69F8650E1ACD76F50057C42B /* libvtkIOParallel-6.2.a */; };
		69F866561ACD77060057C42B /* libvtkIOParallelXML-6.2.a in Resources */ = {isa = PBXBuildFile; fileRef = 69F8650F1ACD76F50057C42B /* libvtkIOParallelXML-6.2.a */; };
		69F866571ACD77060057C42B /* libvtkIOPLY-6.2.a in Resources */ = {isa = PBXBuildFile; fileRef = 69F865101ACD76F50057C42B /* libvtkIOPLY-6.2.a */; };
		69F866581ACD77060057C42B /* libvtkIOSQL-6.2.a in Resources */ = {isa = PBXBuildFile; fileRef = 69F865111ACD76F50057C42B /* libvtkIOSQL-6.2.a */; };
		69F866591ACD77060057C42B /* libvtkIOVideo-6.2.a in Resources */ = {isa = PBXBuildFile; fileRef = 69F865121ACD76F50057C42B /* libvtkIOVideo-6.2.a */; };
		69F8665A1ACD77060057C42B /* libvtkIOXML-6.2.a in Resources */ = {isa = PBXBuildFile; fileRef = 69F865131ACD76F50057C42B /* libvtkIOXML-6.2.a */; };
		69F8665B1ACD77060057C42B /* libvtkIOXMLParser-6.2.a in Resources */ = {isa = PBXBuildFile; fileRef = 69F865141ACD76F50057C42B /* libvtkIOXMLParser-6.2.a */; };
		69F8665C1ACD77060057C42B /* libvtkjpeg-6.2.a in Resources */ = {isa = PBXBuildFile; fileRef = 69F865151ACD76F50057C42B /* libvtkjpeg-6.2.a */; };
		69F8665D1ACD77060057C42B /* libvtkjsoncpp-6.2.a in Resources */ = {isa = PBXBuildFile; fileRef = 69F865161ACD76F50057C42B /* libvtkjsoncpp-6.2.a */; };
		69F8665E1ACD77060057C42B /* libvtklibxml2-6.2.a in Resources */ = {isa = PBXBuildFile; fileRef = 69F865171ACD76F50057C42B /* libvtklibxml2-6.2.a */; };
		69F8665F1ACD77060057C42B /* libvtkmetaio-6.2.a in Resources */ = {isa = PBXBuildFile; fileRef = 69F865181ACD76F50057C42B /* libvtkmetaio-6.2.a */; };
		69F866601ACD77060057C42B /* libvtkNetCDF_cxx-6.2.a in Resources */ = {isa = PBXBuildFile; fileRef = 69F865191ACD76F50057C42B /* libvtkNetCDF_cxx-6.2.a */; };
		69F866611ACD77060057C42B /* libvtkNetCDF-6.2.a in Resources */ = {isa = PBXBuildFile; fileRef = 69F8651A1ACD76F50057C42B /* libvtkNetCDF-6.2.a */; };
		69F866621ACD77060057C42B /* libvtkoggtheora-6.2.a in Resources */ = {isa = PBXBuildFile; fileRef = 69F8651B1ACD76F50057C42B /* libvtkoggtheora-6.2.a */; };
		69F866631ACD77060057C42B /* libvtkParallelCore-6.2.a in Resources */ = {isa = PBXBuildFile; fileRef = 69F8651C1ACD76F50057C42B /* libvtkParallelCore-6.2.a */; };
		69F866641ACD77060057C42B /* libvtkpng-6.2.a in Resources */ = {isa = PBXBuildFile; fileRef = 69F8651D1ACD76F50057C42B /* libvtkpng-6.2.a */; };
		69F866651ACD77060057C42B /* libvtkproj4-6.2.a in Resources */ = {isa = PBXBuildFile; fileRef = 69F8651E1ACD76F60057C42B /* libvtkproj4-6.2.a */; };
		69F866661ACD77060057C42B /* libvtkRenderingAnnotation-6.2.a in Resources */ = {isa = PBXBuildFile; fileRef = 69F8651F1ACD76F60057C42B /* libvtkRenderingAnnotation-6.2.a */; };
		69F866671ACD77070057C42B /* libvtkRenderingContext2D-6.2.a in Resources */ = {isa = PBXBuildFile; fileRef = 69F865201ACD76F60057C42B /* libvtkRenderingContext2D-6.2.a */; };
		69F866681ACD77070057C42B /* libvtkRenderingContextOpenGL-6.2.a in Resources */ = {isa = PBXBuildFile; fileRef = 69F865211ACD76F60057C42B /* libvtkRenderingContextOpenGL-6.2.a */; };
		69F866691ACD77070057C42B /* libvtkRenderingCore-6.2.a in Resources */ = {isa = PBXBuildFile; fileRef = 69F865221ACD76F60057C42B /* libvtkRenderingCore-6.2.a */; };
		69F8666A1ACD77070057C42B /* libvtkRenderingFreeType-6.2.a in Resources */ = {isa = PBXBuildFile; fileRef = 69F865231ACD76F60057C42B /* libvtkRenderingFreeType-6.2.a */; };
		69F8666B1ACD77070057C42B /* libvtkRenderingFreeTypeOpenGL-6.2.a in Resources */ = {isa = PBXBuildFile; fileRef = 69F865241ACD76F60057C42B /* libvtkRenderingFreeTypeOpenGL-6.2.a */; };
		69F8666C1ACD77070057C42B /* libvtkRenderingGL2PS-6.2.a in Resources */ = {isa = PBXBuildFile; fileRef = 69F865251ACD76F60057C42B /* libvtkRenderingGL2PS-6.2.a */; };
		69F8666D1ACD77070057C42B /* libvtkRenderingImage-6.2.a in Resources */ = {isa = PBXBuildFile; fileRef = 69F865261ACD76F60057C42B /* libvtkRenderingImage-6.2.a */; };
		69F8666E1ACD77070057C42B /* libvtkRenderingLabel-6.2.a in Resources */ = {isa = PBXBuildFile; fileRef = 69F865271ACD76F60057C42B /* libvtkRenderingLabel-6.2.a */; };
		69F8666F1ACD77070057C42B /* libvtkRenderingLIC-6.2.a in Resources */ = {isa = PBXBuildFile; fileRef = 69F865281ACD76F60057C42B /* libvtkRenderingLIC-6.2.a */; };
		69F866701ACD77070057C42B /* libvtkRenderingLOD-6.2.a in Resources */ = {isa = PBXBuildFile; fileRef = 69F865291ACD76F60057C42B /* libvtkRenderingLOD-6.2.a */; };
		69F866711ACD77070057C42B /* libvtkRenderingOpenGL-6.2.a in Resources */ = {isa = PBXBuildFile; fileRef = 69F8652A1ACD76F60057C42B /* libvtkRenderingOpenGL-6.2.a */; };
		69F866721ACD77070057C42B /* libvtkRenderingVolume-6.2.a in Resources */ = {isa = PBXBuildFile; fileRef = 69F8652B1ACD76F60057C42B /* libvtkRenderingVolume-6.2.a */; };
		69F866731ACD77070057C42B /* libvtkRenderingVolumeOpenGL-6.2.a in Resources */ = {isa = PBXBuildFile; fileRef = 69F8652C1ACD76F60057C42B /* libvtkRenderingVolumeOpenGL-6.2.a */; };
		69F866741ACD77070057C42B /* libvtksqlite-6.2.a in Resources */ = {isa = PBXBuildFile; fileRef = 69F8652D1ACD76F60057C42B /* libvtksqlite-6.2.a */; };
		69F866751ACD77070057C42B /* libvtksys-6.2.a in Resources */ = {isa = PBXBuildFile; fileRef = 69F8652E1ACD76F60057C42B /* libvtksys-6.2.a */; };
		69F866761ACD77070057C42B /* libvtktiff-6.2.a in Resources */ = {isa = PBXBuildFile; fileRef = 69F8652F1ACD76F60057C42B /* libvtktiff-6.2.a */; };
		69F866771ACD77070057C42B /* libvtkverdict-6.2.a in Resources */ = {isa = PBXBuildFile; fileRef = 69F865301ACD76F60057C42B /* libvtkverdict-6.2.a */; };
		69F866781ACD77070057C42B /* libvtkViewsContext2D-6.2.a in Resources */ = {isa = PBXBuildFile; fileRef = 69F865311ACD76F60057C42B /* libvtkViewsContext2D-6.2.a */; };
		69F866791ACD77070057C42B /* libvtkViewsCore-6.2.a in Resources */ = {isa = PBXBuildFile; fileRef = 69F865321ACD76F60057C42B /* libvtkViewsCore-6.2.a */; };
		69F8667A1ACD77070057C42B /* libvtkViewsInfovis-6.2.a in Resources */ = {isa = PBXBuildFile; fileRef = 69F865331ACD76F60057C42B /* libvtkViewsInfovis-6.2.a */; };
		69F8667B1ACD77070057C42B /* libvtkzlib-6.2.a in Resources */ = {isa = PBXBuildFile; fileRef = 69F865341ACD76F60057C42B /* libvtkzlib-6.2.a */; };
		8D15AC320486D014006FF6A4 /* main.mm in Sources */ = {isa = PBXBuildFile; fileRef = 2A37F4B0FDCFA73011CA2CEA /* main.mm */; settings = {ATTRIBUTES = (); }; };
		8D15AC340486D014006FF6A4 /* Cocoa.framework in Frameworks */ = {isa = PBXBuildFile; fileRef = 1058C7A7FEA54F5311CA2CBB /* Cocoa.framework */; };
/* End PBXBuildFile section */

/* Begin PBXFileReference section */
		1058C7A7FEA54F5311CA2CBB /* Cocoa.framework */ = {isa = PBXFileReference; lastKnownFileType = wrapper.framework; name = Cocoa.framework; path = /System/Library/Frameworks/Cocoa.framework; sourceTree = "<absolute>"; };
		142CC7EA17133CB300FE6428 /* PrefixHeader.pch */ = {isa = PBXFileReference; lastKnownFileType = sourcecode.c.h; path = PrefixHeader.pch; sourceTree = "<group>"; };
		1454C0EF094E266D00F594FE /* MyDocument.h */ = {isa = PBXFileReference; fileEncoding = 4; lastKnownFileType = sourcecode.c.h; path = MyDocument.h; sourceTree = SOURCE_ROOT; };
		1454C0F0094E266D00F594FE /* MyDocument.mm */ = {isa = PBXFileReference; fileEncoding = 4; lastKnownFileType = sourcecode.cpp.objcpp; path = MyDocument.mm; sourceTree = SOURCE_ROOT; };
		1454C1D5094F306B00F594FE /* OpenGL.framework */ = {isa = PBXFileReference; lastKnownFileType = wrapper.framework; name = OpenGL.framework; path = /System/Library/Frameworks/OpenGL.framework; sourceTree = "<absolute>"; };
		1454C4340950A4A800F594FE /* BasicVTKView.h */ = {isa = PBXFileReference; fileEncoding = 4; lastKnownFileType = sourcecode.c.h; path = BasicVTKView.h; sourceTree = SOURCE_ROOT; };
		1454C4350950A4A800F594FE /* BasicVTKView.mm */ = {isa = PBXFileReference; fileEncoding = 4; lastKnownFileType = sourcecode.cpp.objcpp; path = BasicVTKView.mm; sourceTree = SOURCE_ROOT; };
		14A3028A119E0C3200D75B9A /* MainMenu.xib */ = {isa = PBXFileReference; lastKnownFileType = file.xib; path = MainMenu.xib; sourceTree = "<group>"; };
		14A3028B119E0C3200D75B9A /* MyDocument.xib */ = {isa = PBXFileReference; lastKnownFileType = file.xib; path = MyDocument.xib; sourceTree = "<group>"; };
		14B86358113C3E4200C9B42E /* SimpleCocoaVTK.xcconfig */ = {isa = PBXFileReference; fileEncoding = 4; lastKnownFileType = text.xcconfig; path = SimpleCocoaVTK.xcconfig; sourceTree = "<group>"; };
		14B863A4113C436100C9B42E /* IOKit.framework */ = {isa = PBXFileReference; lastKnownFileType = wrapper.framework; name = IOKit.framework; path = /System/Library/Frameworks/IOKit.framework; sourceTree = "<absolute>"; };
		2A37F4B0FDCFA73011CA2CEA /* main.mm */ = {isa = PBXFileReference; fileEncoding = 4; lastKnownFileType = sourcecode.cpp.objcpp; path = main.mm; sourceTree = "<group>"; };
		69F864C61ACD76CE0057C42B /* IOKit.framework */ = {isa = PBXFileReference; lastKnownFileType = wrapper.framework; name = IOKit.framework; path = System/Library/Frameworks/IOKit.framework; sourceTree = SDKROOT; };
		69F864C81ACD76F50057C42B /* libvtkalglib-6.2.a */ = {isa = PBXFileReference; lastKnownFileType = archive.ar; name = "libvtkalglib-6.2.a"; path = "../../../../../vtk_lib/libvtkalglib-6.2.a"; sourceTree = "<group>"; };
		69F864C91ACD76F50057C42B /* libvtkChartsCore-6.2.a */ = {isa = PBXFileReference; lastKnownFileType = archive.ar; name = "libvtkChartsCore-6.2.a"; path = "../../../../../vtk_lib/libvtkChartsCore-6.2.a"; sourceTree = "<group>"; };
		69F864CA1ACD76F50057C42B /* libvtkCommonColor-6.2.a */ = {isa = PBXFileReference; lastKnownFileType = archive.ar; name = "libvtkCommonColor-6.2.a"; path = "../../../../../vtk_lib/libvtkCommonColor-6.2.a"; sourceTree = "<group>"; };
		69F864CB1ACD76F50057C42B /* libvtkCommonComputationalGeometry-6.2.a */ = {isa = PBXFileReference; lastKnownFileType = archive.ar; name = "libvtkCommonComputationalGeometry-6.2.a"; path = "../../../../../vtk_lib/libvtkCommonComputationalGeometry-6.2.a"; sourceTree = "<group>"; };
		69F864CC1ACD76F50057C42B /* libvtkCommonCore-6.2.a */ = {isa = PBXFileReference; lastKnownFileType = archive.ar; name = "libvtkCommonCore-6.2.a"; path = "../../../../../vtk_lib/libvtkCommonCore-6.2.a"; sourceTree = "<group>"; };
		69F864CD1ACD76F50057C42B /* libvtkCommonDataModel-6.2.a */ = {isa = PBXFileReference; lastKnownFileType = archive.ar; name = "libvtkCommonDataModel-6.2.a"; path = "../../../../../vtk_lib/libvtkCommonDataModel-6.2.a"; sourceTree = "<group>"; };
		69F864CE1ACD76F50057C42B /* libvtkCommonExecutionModel-6.2.a */ = {isa = PBXFileReference; lastKnownFileType = archive.ar; name = "libvtkCommonExecutionModel-6.2.a"; path = "../../../../../vtk_lib/libvtkCommonExecutionModel-6.2.a"; sourceTree = "<group>"; };
		69F864CF1ACD76F50057C42B /* libvtkCommonMath-6.2.a */ = {isa = PBXFileReference; lastKnownFileType = archive.ar; name = "libvtkCommonMath-6.2.a"; path = "../../../../../vtk_lib/libvtkCommonMath-6.2.a"; sourceTree = "<group>"; };
		69F864D01ACD76F50057C42B /* libvtkCommonMisc-6.2.a */ = {isa = PBXFileReference; lastKnownFileType = archive.ar; name = "libvtkCommonMisc-6.2.a"; path = "../../../../../vtk_lib/libvtkCommonMisc-6.2.a"; sourceTree = "<group>"; };
		69F864D11ACD76F50057C42B /* libvtkCommonSystem-6.2.a */ = {isa = PBXFileReference; lastKnownFileType = archive.ar; name = "libvtkCommonSystem-6.2.a"; path = "../../../../../vtk_lib/libvtkCommonSystem-6.2.a"; sourceTree = "<group>"; };
		69F864D21ACD76F50057C42B /* libvtkCommonTransforms-6.2.a */ = {isa = PBXFileReference; lastKnownFileType = archive.ar; name = "libvtkCommonTransforms-6.2.a"; path = "../../../../../vtk_lib/libvtkCommonTransforms-6.2.a"; sourceTree = "<group>"; };
		69F864D31ACD76F50057C42B /* libvtkDICOMParser-6.2.a */ = {isa = PBXFileReference; lastKnownFileType = archive.ar; name = "libvtkDICOMParser-6.2.a"; path = "../../../../../vtk_lib/libvtkDICOMParser-6.2.a"; sourceTree = "<group>"; };
		69F864D41ACD76F50057C42B /* libvtkDomainsChemistry-6.2.a */ = {isa = PBXFileReference; lastKnownFileType = archive.ar; name = "libvtkDomainsChemistry-6.2.a"; path = "../../../../../vtk_lib/libvtkDomainsChemistry-6.2.a"; sourceTree = "<group>"; };
		69F864D51ACD76F50057C42B /* libvtkexoIIc-6.2.a */ = {isa = PBXFileReference; lastKnownFileType = archive.ar; name = "libvtkexoIIc-6.2.a"; path = "../../../../../vtk_lib/libvtkexoIIc-6.2.a"; sourceTree = "<group>"; };
		69F864D61ACD76F50057C42B /* libvtkexpat-6.2.a */ = {isa = PBXFileReference; lastKnownFileType = archive.ar; name = "libvtkexpat-6.2.a"; path = "../../../../../vtk_lib/libvtkexpat-6.2.a"; sourceTree = "<group>"; };
		69F864D71ACD76F50057C42B /* libvtkFiltersAMR-6.2.a */ = {isa = PBXFileReference; lastKnownFileType = archive.ar; name = "libvtkFiltersAMR-6.2.a"; path = "../../../../../vtk_lib/libvtkFiltersAMR-6.2.a"; sourceTree = "<group>"; };
		69F864D81ACD76F50057C42B /* libvtkFiltersCore-6.2.a */ = {isa = PBXFileReference; lastKnownFileType = archive.ar; name = "libvtkFiltersCore-6.2.a"; path = "../../../../../vtk_lib/libvtkFiltersCore-6.2.a"; sourceTree = "<group>"; };
		69F864D91ACD76F50057C42B /* libvtkFiltersExtraction-6.2.a */ = {isa = PBXFileReference; lastKnownFileType = archive.ar; name = "libvtkFiltersExtraction-6.2.a"; path = "../../../../../vtk_lib/libvtkFiltersExtraction-6.2.a"; sourceTree = "<group>"; };
		69F864DA1ACD76F50057C42B /* libvtkFiltersFlowPaths-6.2.a */ = {isa = PBXFileReference; lastKnownFileType = archive.ar; name = "libvtkFiltersFlowPaths-6.2.a"; path = "../../../../../vtk_lib/libvtkFiltersFlowPaths-6.2.a"; sourceTree = "<group>"; };
		69F864DB1ACD76F50057C42B /* libvtkFiltersGeneral-6.2.a */ = {isa = PBXFileReference; lastKnownFileType = archive.ar; name = "libvtkFiltersGeneral-6.2.a"; path = "../../../../../vtk_lib/libvtkFiltersGeneral-6.2.a"; sourceTree = "<group>"; };
		69F864DC1ACD76F50057C42B /* libvtkFiltersGeneric-6.2.a */ = {isa = PBXFileReference; lastKnownFileType = archive.ar; name = "libvtkFiltersGeneric-6.2.a"; path = "../../../../../vtk_lib/libvtkFiltersGeneric-6.2.a"; sourceTree = "<group>"; };
		69F864DD1ACD76F50057C42B /* libvtkFiltersGeometry-6.2.a */ = {isa = PBXFileReference; lastKnownFileType = archive.ar; name = "libvtkFiltersGeometry-6.2.a"; path = "../../../../../vtk_lib/libvtkFiltersGeometry-6.2.a"; sourceTree = "<group>"; };
		69F864DE1ACD76F50057C42B /* libvtkFiltersHybrid-6.2.a */ = {isa = PBXFileReference; lastKnownFileType = archive.ar; name = "libvtkFiltersHybrid-6.2.a"; path = "../../../../../vtk_lib/libvtkFiltersHybrid-6.2.a"; sourceTree = "<group>"; };
		69F864DF1ACD76F50057C42B /* libvtkFiltersHyperTree-6.2.a */ = {isa = PBXFileReference; lastKnownFileType = archive.ar; name = "libvtkFiltersHyperTree-6.2.a"; path = "../../../../../vtk_lib/libvtkFiltersHyperTree-6.2.a"; sourceTree = "<group>"; };
		69F864E01ACD76F50057C42B /* libvtkFiltersImaging-6.2.a */ = {isa = PBXFileReference; lastKnownFileType = archive.ar; name = "libvtkFiltersImaging-6.2.a"; path = "../../../../../vtk_lib/libvtkFiltersImaging-6.2.a"; sourceTree = "<group>"; };
		69F864E11ACD76F50057C42B /* libvtkFiltersModeling-6.2.a */ = {isa = PBXFileReference; lastKnownFileType = archive.ar; name = "libvtkFiltersModeling-6.2.a"; path = "../../../../../vtk_lib/libvtkFiltersModeling-6.2.a"; sourceTree = "<group>"; };
		69F864E21ACD76F50057C42B /* libvtkFiltersParallel-6.2.a */ = {isa = PBXFileReference; lastKnownFileType = archive.ar; name = "libvtkFiltersParallel-6.2.a"; path = "../../../../../vtk_lib/libvtkFiltersParallel-6.2.a"; sourceTree = "<group>"; };
		69F864E31ACD76F50057C42B /* libvtkFiltersParallelImaging-6.2.a */ = {isa = PBXFileReference; lastKnownFileType = archive.ar; name = "libvtkFiltersParallelImaging-6.2.a"; path = "../../../../../vtk_lib/libvtkFiltersParallelImaging-6.2.a"; sourceTree = "<group>"; };
		69F864E41ACD76F50057C42B /* libvtkFiltersProgrammable-6.2.a */ = {isa = PBXFileReference; lastKnownFileType = archive.ar; name = "libvtkFiltersProgrammable-6.2.a"; path = "../../../../../vtk_lib/libvtkFiltersProgrammable-6.2.a"; sourceTree = "<group>"; };
		69F864E51ACD76F50057C42B /* libvtkFiltersSelection-6.2.a */ = {isa = PBXFileReference; lastKnownFileType = archive.ar; name = "libvtkFiltersSelection-6.2.a"; path = "../../../../../vtk_lib/libvtkFiltersSelection-6.2.a"; sourceTree = "<group>"; };
		69F864E61ACD76F50057C42B /* libvtkFiltersSMP-6.2.a */ = {isa = PBXFileReference; lastKnownFileType = archive.ar; name = "libvtkFiltersSMP-6.2.a"; path = "../../../../../vtk_lib/libvtkFiltersSMP-6.2.a"; sourceTree = "<group>"; };
		69F864E71ACD76F50057C42B /* libvtkFiltersSources-6.2.a */ = {isa = PBXFileReference; lastKnownFileType = archive.ar; name = "libvtkFiltersSources-6.2.a"; path = "../../../../../vtk_lib/libvtkFiltersSources-6.2.a"; sourceTree = "<group>"; };
		69F864E81ACD76F50057C42B /* libvtkFiltersStatistics-6.2.a */ = {isa = PBXFileReference; lastKnownFileType = archive.ar; name = "libvtkFiltersStatistics-6.2.a"; path = "../../../../../vtk_lib/libvtkFiltersStatistics-6.2.a"; sourceTree = "<group>"; };
		69F864E91ACD76F50057C42B /* libvtkFiltersTexture-6.2.a */ = {isa = PBXFileReference; lastKnownFileType = archive.ar; name = "libvtkFiltersTexture-6.2.a"; path = "../../../../../vtk_lib/libvtkFiltersTexture-6.2.a"; sourceTree = "<group>"; };
		69F864EA1ACD76F50057C42B /* libvtkFiltersVerdict-6.2.a */ = {isa = PBXFileReference; lastKnownFileType = archive.ar; name = "libvtkFiltersVerdict-6.2.a"; path = "../../../../../vtk_lib/libvtkFiltersVerdict-6.2.a"; sourceTree = "<group>"; };
		69F864EB1ACD76F50057C42B /* libvtkfreetype-6.2.a */ = {isa = PBXFileReference; lastKnownFileType = archive.ar; name = "libvtkfreetype-6.2.a"; path = "../../../../../vtk_lib/libvtkfreetype-6.2.a"; sourceTree = "<group>"; };
		69F864EC1ACD76F50057C42B /* libvtkftgl-6.2.a */ = {isa = PBXFileReference; lastKnownFileType = archive.ar; name = "libvtkftgl-6.2.a"; path = "../../../../../vtk_lib/libvtkftgl-6.2.a"; sourceTree = "<group>"; };
		69F864ED1ACD76F50057C42B /* libvtkGeovisCore-6.2.a */ = {isa = PBXFileReference; lastKnownFileType = archive.ar; name = "libvtkGeovisCore-6.2.a"; path = "../../../../../vtk_lib/libvtkGeovisCore-6.2.a"; sourceTree = "<group>"; };
		69F864EE1ACD76F50057C42B /* libvtkgl2ps-6.2.a */ = {isa = PBXFileReference; lastKnownFileType = archive.ar; name = "libvtkgl2ps-6.2.a"; path = "../../../../../vtk_lib/libvtkgl2ps-6.2.a"; sourceTree = "<group>"; };
		69F864EF1ACD76F50057C42B /* libvtkhdf5_hl-6.2.a */ = {isa = PBXFileReference; lastKnownFileType = archive.ar; name = "libvtkhdf5_hl-6.2.a"; path = "../../../../../vtk_lib/libvtkhdf5_hl-6.2.a"; sourceTree = "<group>"; };
		69F864F01ACD76F50057C42B /* libvtkhdf5-6.2.a */ = {isa = PBXFileReference; lastKnownFileType = archive.ar; name = "libvtkhdf5-6.2.a"; path = "../../../../../vtk_lib/libvtkhdf5-6.2.a"; sourceTree = "<group>"; };
		69F864F11ACD76F50057C42B /* libvtkImagingColor-6.2.a */ = {isa = PBXFileReference; lastKnownFileType = archive.ar; name = "libvtkImagingColor-6.2.a"; path = "../../../../../vtk_lib/libvtkImagingColor-6.2.a"; sourceTree = "<group>"; };
		69F864F21ACD76F50057C42B /* libvtkImagingCore-6.2.a */ = {isa = PBXFileReference; lastKnownFileType = archive.ar; name = "libvtkImagingCore-6.2.a"; path = "../../../../../vtk_lib/libvtkImagingCore-6.2.a"; sourceTree = "<group>"; };
		69F864F31ACD76F50057C42B /* libvtkImagingFourier-6.2.a */ = {isa = PBXFileReference; lastKnownFileType = archive.ar; name = "libvtkImagingFourier-6.2.a"; path = "../../../../../vtk_lib/libvtkImagingFourier-6.2.a"; sourceTree = "<group>"; };
		69F864F41ACD76F50057C42B /* libvtkImagingGeneral-6.2.a */ = {isa = PBXFileReference; lastKnownFileType = archive.ar; name = "libvtkImagingGeneral-6.2.a"; path = "../../../../../vtk_lib/libvtkImagingGeneral-6.2.a"; sourceTree = "<group>"; };
		69F864F51ACD76F50057C42B /* libvtkImagingHybrid-6.2.a */ = {isa = PBXFileReference; lastKnownFileType = archive.ar; name = "libvtkImagingHybrid-6.2.a"; path = "../../../../../vtk_lib/libvtkImagingHybrid-6.2.a"; sourceTree = "<group>"; };
		69F864F61ACD76F50057C42B /* libvtkImagingMath-6.2.a */ = {isa = PBXFileReference; lastKnownFileType = archive.ar; name = "libvtkImagingMath-6.2.a"; path = "../../../../../vtk_lib/libvtkImagingMath-6.2.a"; sourceTree = "<group>"; };
		69F864F71ACD76F50057C42B /* libvtkImagingMorphological-6.2.a */ = {isa = PBXFileReference; lastKnownFileType = archive.ar; name = "libvtkImagingMorphological-6.2.a"; path = "../../../../../vtk_lib/libvtkImagingMorphological-6.2.a"; sourceTree = "<group>"; };
		69F864F81ACD76F50057C42B /* libvtkImagingSources-6.2.a */ = {isa = PBXFileReference; lastKnownFileType = archive.ar; name = "libvtkImagingSources-6.2.a"; path = "../../../../../vtk_lib/libvtkImagingSources-6.2.a"; sourceTree = "<group>"; };
		69F864F91ACD76F50057C42B /* libvtkImagingStatistics-6.2.a */ = {isa = PBXFileReference; lastKnownFileType = archive.ar; name = "libvtkImagingStatistics-6.2.a"; path = "../../../../../vtk_lib/libvtkImagingStatistics-6.2.a"; sourceTree = "<group>"; };
		69F864FA1ACD76F50057C42B /* libvtkImagingStencil-6.2.a */ = {isa = PBXFileReference; lastKnownFileType = archive.ar; name = "libvtkImagingStencil-6.2.a"; path = "../../../../../vtk_lib/libvtkImagingStencil-6.2.a"; sourceTree = "<group>"; };
		69F864FB1ACD76F50057C42B /* libvtkInfovisCore-6.2.a */ = {isa = PBXFileReference; lastKnownFileType = archive.ar; name = "libvtkInfovisCore-6.2.a"; path = "../../../../../vtk_lib/libvtkInfovisCore-6.2.a"; sourceTree = "<group>"; };
		69F864FC1ACD76F50057C42B /* libvtkInfovisLayout-6.2.a */ = {isa = PBXFileReference; lastKnownFileType = archive.ar; name = "libvtkInfovisLayout-6.2.a"; path = "../../../../../vtk_lib/libvtkInfovisLayout-6.2.a"; sourceTree = "<group>"; };
		69F864FD1ACD76F50057C42B /* libvtkInteractionImage-6.2.a */ = {isa = PBXFileReference; lastKnownFileType = archive.ar; name = "libvtkInteractionImage-6.2.a"; path = "../../../../../vtk_lib/libvtkInteractionImage-6.2.a"; sourceTree = "<group>"; };
		69F864FE1ACD76F50057C42B /* libvtkInteractionStyle-6.2.a */ = {isa = PBXFileReference; lastKnownFileType = archive.ar; name = "libvtkInteractionStyle-6.2.a"; path = "../../../../../vtk_lib/libvtkInteractionStyle-6.2.a"; sourceTree = "<group>"; };
		69F864FF1ACD76F50057C42B /* libvtkInteractionWidgets-6.2.a */ = {isa = PBXFileReference; lastKnownFileType = archive.ar; name = "libvtkInteractionWidgets-6.2.a"; path = "../../../../../vtk_lib/libvtkInteractionWidgets-6.2.a"; sourceTree = "<group>"; };
		69F865001ACD76F50057C42B /* libvtkIOAMR-6.2.a */ = {isa = PBXFileReference; lastKnownFileType = archive.ar; name = "libvtkIOAMR-6.2.a"; path = "../../../../../vtk_lib/libvtkIOAMR-6.2.a"; sourceTree = "<group>"; };
		69F865011ACD76F50057C42B /* libvtkIOCore-6.2.a */ = {isa = PBXFileReference; lastKnownFileType = archive.ar; name = "libvtkIOCore-6.2.a"; path = "../../../../../vtk_lib/libvtkIOCore-6.2.a"; sourceTree = "<group>"; };
		69F865021ACD76F50057C42B /* libvtkIOEnSight-6.2.a */ = {isa = PBXFileReference; lastKnownFileType = archive.ar; name = "libvtkIOEnSight-6.2.a"; path = "../../../../../vtk_lib/libvtkIOEnSight-6.2.a"; sourceTree = "<group>"; };
		69F865031ACD76F50057C42B /* libvtkIOExodus-6.2.a */ = {isa = PBXFileReference; lastKnownFileType = archive.ar; name = "libvtkIOExodus-6.2.a"; path = "../../../../../vtk_lib/libvtkIOExodus-6.2.a"; sourceTree = "<group>"; };
		69F865041ACD76F50057C42B /* libvtkIOExport-6.2.a */ = {isa = PBXFileReference; lastKnownFileType = archive.ar; name = "libvtkIOExport-6.2.a"; path = "../../../../../vtk_lib/libvtkIOExport-6.2.a"; sourceTree = "<group>"; };
		69F865051ACD76F50057C42B /* libvtkIOGeometry-6.2.a */ = {isa = PBXFileReference; lastKnownFileType = archive.ar; name = "libvtkIOGeometry-6.2.a"; path = "../../../../../vtk_lib/libvtkIOGeometry-6.2.a"; sourceTree = "<group>"; };
		69F865061ACD76F50057C42B /* libvtkIOImage-6.2.a */ = {isa = PBXFileReference; lastKnownFileType = archive.ar; name = "libvtkIOImage-6.2.a"; path = "../../../../../vtk_lib/libvtkIOImage-6.2.a"; sourceTree = "<group>"; };
		69F865071ACD76F50057C42B /* libvtkIOImport-6.2.a */ = {isa = PBXFileReference; lastKnownFileType = archive.ar; name = "libvtkIOImport-6.2.a"; path = "../../../../../vtk_lib/libvtkIOImport-6.2.a"; sourceTree = "<group>"; };
		69F865081ACD76F50057C42B /* libvtkIOInfovis-6.2.a */ = {isa = PBXFileReference; lastKnownFileType = archive.ar; name = "libvtkIOInfovis-6.2.a"; path = "../../../../../vtk_lib/libvtkIOInfovis-6.2.a"; sourceTree = "<group>"; };
		69F865091ACD76F50057C42B /* libvtkIOLegacy-6.2.a */ = {isa = PBXFileReference; lastKnownFileType = archive.ar; name = "libvtkIOLegacy-6.2.a"; path = "../../../../../vtk_lib/libvtkIOLegacy-6.2.a"; sourceTree = "<group>"; };
		69F8650A1ACD76F50057C42B /* libvtkIOLSDyna-6.2.a */ = {isa = PBXFileReference; lastKnownFileType = archive.ar; name = "libvtkIOLSDyna-6.2.a"; path = "../../../../../vtk_lib/libvtkIOLSDyna-6.2.a"; sourceTree = "<group>"; };
		69F8650B1ACD76F50057C42B /* libvtkIOMINC-6.2.a */ = {isa = PBXFileReference; lastKnownFileType = archive.ar; name = "libvtkIOMINC-6.2.a"; path = "../../../../../vtk_lib/libvtkIOMINC-6.2.a"; sourceTree = "<group>"; };
		69F8650C1ACD76F50057C42B /* libvtkIOMovie-6.2.a */ = {isa = PBXFileReference; lastKnownFileType = archive.ar; name = "libvtkIOMovie-6.2.a"; path = "../../../../../vtk_lib/libvtkIOMovie-6.2.a"; sourceTree = "<group>"; };
		69F8650D1ACD76F50057C42B /* libvtkIONetCDF-6.2.a */ = {isa = PBXFileReference; lastKnownFileType = archive.ar; name = "libvtkIONetCDF-6.2.a"; path = "../../../../../vtk_lib/libvtkIONetCDF-6.2.a"; sourceTree = "<group>"; };
		69F8650E1ACD76F50057C42B /* libvtkIOParallel-6.2.a */ = {isa = PBXFileReference; lastKnownFileType = archive.ar; name = "libvtkIOParallel-6.2.a"; path = "../../../../../vtk_lib/libvtkIOParallel-6.2.a"; sourceTree = "<group>"; };
		69F8650F1ACD76F50057C42B /* libvtkIOParallelXML-6.2.a */ = {isa = PBXFileReference; lastKnownFileType = archive.ar; name = "libvtkIOParallelXML-6.2.a"; path = "../../../../../vtk_lib/libvtkIOParallelXML-6.2.a"; sourceTree = "<group>"; };
		69F865101ACD76F50057C42B /* libvtkIOPLY-6.2.a */ = {isa = PBXFileReference; lastKnownFileType = archive.ar; name = "libvtkIOPLY-6.2.a"; path = "../../../../../vtk_lib/libvtkIOPLY-6.2.a"; sourceTree = "<group>"; };
		69F865111ACD76F50057C42B /* libvtkIOSQL-6.2.a */ = {isa = PBXFileReference; lastKnownFileType = archive.ar; name = "libvtkIOSQL-6.2.a"; path = "../../../../../vtk_lib/libvtkIOSQL-6.2.a"; sourceTree = "<group>"; };
		69F865121ACD76F50057C42B /* libvtkIOVideo-6.2.a */ = {isa = PBXFileReference; lastKnownFileType = archive.ar; name = "libvtkIOVideo-6.2.a"; path = "../../../../../vtk_lib/libvtkIOVideo-6.2.a"; sourceTree = "<group>"; };
		69F865131ACD76F50057C42B /* libvtkIOXML-6.2.a */ = {isa = PBXFileReference; lastKnownFileType = archive.ar; name = "libvtkIOXML-6.2.a"; path = "../../../../../vtk_lib/libvtkIOXML-6.2.a"; sourceTree = "<group>"; };
		69F865141ACD76F50057C42B /* libvtkIOXMLParser-6.2.a */ = {isa = PBXFileReference; lastKnownFileType = archive.ar; name = "libvtkIOXMLParser-6.2.a"; path = "../../../../../vtk_lib/libvtkIOXMLParser-6.2.a"; sourceTree = "<group>"; };
		69F865151ACD76F50057C42B /* libvtkjpeg-6.2.a */ = {isa = PBXFileReference; lastKnownFileType = archive.ar; name = "libvtkjpeg-6.2.a"; path = "../../../../../vtk_lib/libvtkjpeg-6.2.a"; sourceTree = "<group>"; };
		69F865161ACD76F50057C42B /* libvtkjsoncpp-6.2.a */ = {isa = PBXFileReference; lastKnownFileType = archive.ar; name = "libvtkjsoncpp-6.2.a"; path = "../../../../../vtk_lib/libvtkjsoncpp-6.2.a"; sourceTree = "<group>"; };
		69F865171ACD76F50057C42B /* libvtklibxml2-6.2.a */ = {isa = PBXFileReference; lastKnownFileType = archive.ar; name = "libvtklibxml2-6.2.a"; path = "../../../../../vtk_lib/libvtklibxml2-6.2.a"; sourceTree = "<group>"; };
		69F865181ACD76F50057C42B /* libvtkmetaio-6.2.a */ = {isa = PBXFileReference; lastKnownFileType = archive.ar; name = "libvtkmetaio-6.2.a"; path = "../../../../../vtk_lib/libvtkmetaio-6.2.a"; sourceTree = "<group>"; };
		69F865191ACD76F50057C42B /* libvtkNetCDF_cxx-6.2.a */ = {isa = PBXFileReference; lastKnownFileType = archive.ar; name = "libvtkNetCDF_cxx-6.2.a"; path = "../../../../../vtk_lib/libvtkNetCDF_cxx-6.2.a"; sourceTree = "<group>"; };
		69F8651A1ACD76F50057C42B /* libvtkNetCDF-6.2.a */ = {isa = PBXFileReference; lastKnownFileType = archive.ar; name = "libvtkNetCDF-6.2.a"; path = "../../../../../vtk_lib/libvtkNetCDF-6.2.a"; sourceTree = "<group>"; };
		69F8651B1ACD76F50057C42B /* libvtkoggtheora-6.2.a */ = {isa = PBXFileReference; lastKnownFileType = archive.ar; name = "libvtkoggtheora-6.2.a"; path = "../../../../../vtk_lib/libvtkoggtheora-6.2.a"; sourceTree = "<group>"; };
		69F8651C1ACD76F50057C42B /* libvtkParallelCore-6.2.a */ = {isa = PBXFileReference; lastKnownFileType = archive.ar; name = "libvtkParallelCore-6.2.a"; path = "../../../../../vtk_lib/libvtkParallelCore-6.2.a"; sourceTree = "<group>"; };
		69F8651D1ACD76F50057C42B /* libvtkpng-6.2.a */ = {isa = PBXFileReference; lastKnownFileType = archive.ar; name = "libvtkpng-6.2.a"; path = "../../../../../vtk_lib/libvtkpng-6.2.a"; sourceTree = "<group>"; };
		69F8651E1ACD76F60057C42B /* libvtkproj4-6.2.a */ = {isa = PBXFileReference; lastKnownFileType = archive.ar; name = "libvtkproj4-6.2.a"; path = "../../../../../vtk_lib/libvtkproj4-6.2.a"; sourceTree = "<group>"; };
		69F8651F1ACD76F60057C42B /* libvtkRenderingAnnotation-6.2.a */ = {isa = PBXFileReference; lastKnownFileType = archive.ar; name = "libvtkRenderingAnnotation-6.2.a"; path = "../../../../../vtk_lib/libvtkRenderingAnnotation-6.2.a"; sourceTree = "<group>"; };
		69F865201ACD76F60057C42B /* libvtkRenderingContext2D-6.2.a */ = {isa = PBXFileReference; lastKnownFileType = archive.ar; name = "libvtkRenderingContext2D-6.2.a"; path = "../../../../../vtk_lib/libvtkRenderingContext2D-6.2.a"; sourceTree = "<group>"; };
		69F865211ACD76F60057C42B /* libvtkRenderingContextOpenGL-6.2.a */ = {isa = PBXFileReference; lastKnownFileType = archive.ar; name = "libvtkRenderingContextOpenGL-6.2.a"; path = "../../../../../vtk_lib/libvtkRenderingContextOpenGL-6.2.a"; sourceTree = "<group>"; };
		69F865221ACD76F60057C42B /* libvtkRenderingCore-6.2.a */ = {isa = PBXFileReference; lastKnownFileType = archive.ar; name = "libvtkRenderingCore-6.2.a"; path = "../../../../../vtk_lib/libvtkRenderingCore-6.2.a"; sourceTree = "<group>"; };
		69F865231ACD76F60057C42B /* libvtkRenderingFreeType-6.2.a */ = {isa = PBXFileReference; lastKnownFileType = archive.ar; name = "libvtkRenderingFreeType-6.2.a"; path = "../../../../../vtk_lib/libvtkRenderingFreeType-6.2.a"; sourceTree = "<group>"; };
		69F865241ACD76F60057C42B /* libvtkRenderingFreeTypeOpenGL-6.2.a */ = {isa = PBXFileReference; lastKnownFileType = archive.ar; name = "libvtkRenderingFreeTypeOpenGL-6.2.a"; path = "../../../../../vtk_lib/libvtkRenderingFreeTypeOpenGL-6.2.a"; sourceTree = "<group>"; };
		69F865251ACD76F60057C42B /* libvtkRenderingGL2PS-6.2.a */ = {isa = PBXFileReference; lastKnownFileType = archive.ar; name = "libvtkRenderingGL2PS-6.2.a"; path = "../../../../../vtk_lib/libvtkRenderingGL2PS-6.2.a"; sourceTree = "<group>"; };
		69F865261ACD76F60057C42B /* libvtkRenderingImage-6.2.a */ = {isa = PBXFileReference; lastKnownFileType = archive.ar; name = "libvtkRenderingImage-6.2.a"; path = "../../../../../vtk_lib/libvtkRenderingImage-6.2.a"; sourceTree = "<group>"; };
		69F865271ACD76F60057C42B /* libvtkRenderingLabel-6.2.a */ = {isa = PBXFileReference; lastKnownFileType = archive.ar; name = "libvtkRenderingLabel-6.2.a"; path = "../../../../../vtk_lib/libvtkRenderingLabel-6.2.a"; sourceTree = "<group>"; };
		69F865281ACD76F60057C42B /* libvtkRenderingLIC-6.2.a */ = {isa = PBXFileReference; lastKnownFileType = archive.ar; name = "libvtkRenderingLIC-6.2.a"; path = "../../../../../vtk_lib/libvtkRenderingLIC-6.2.a"; sourceTree = "<group>"; };
		69F865291ACD76F60057C42B /* libvtkRenderingLOD-6.2.a */ = {isa = PBXFileReference; lastKnownFileType = archive.ar; name = "libvtkRenderingLOD-6.2.a"; path = "../../../../../vtk_lib/libvtkRenderingLOD-6.2.a"; sourceTree = "<group>"; };
		69F8652A1ACD76F60057C42B /* libvtkRenderingOpenGL-6.2.a */ = {isa = PBXFileReference; lastKnownFileType = archive.ar; name = "libvtkRenderingOpenGL-6.2.a"; path = "../../../../../vtk_lib/libvtkRenderingOpenGL-6.2.a"; sourceTree = "<group>"; };
		69F8652B1ACD76F60057C42B /* libvtkRenderingVolume-6.2.a */ = {isa = PBXFileReference; lastKnownFileType = archive.ar; name = "libvtkRenderingVolume-6.2.a"; path = "../../../../../vtk_lib/libvtkRenderingVolume-6.2.a"; sourceTree = "<group>"; };
		69F8652C1ACD76F60057C42B /* libvtkRenderingVolumeOpenGL-6.2.a */ = {isa = PBXFileReference; lastKnownFileType = archive.ar; name = "libvtkRenderingVolumeOpenGL-6.2.a"; path = "../../../../../vtk_lib/libvtkRenderingVolumeOpenGL-6.2.a"; sourceTree = "<group>"; };
		69F8652D1ACD76F60057C42B /* libvtksqlite-6.2.a */ = {isa = PBXFileReference; lastKnownFileType = archive.ar; name = "libvtksqlite-6.2.a"; path = "../../../../../vtk_lib/libvtksqlite-6.2.a"; sourceTree = "<group>"; };
		69F8652E1ACD76F60057C42B /* libvtksys-6.2.a */ = {isa = PBXFileReference; lastKnownFileType = archive.ar; name = "libvtksys-6.2.a"; path = "../../../../../vtk_lib/libvtksys-6.2.a"; sourceTree = "<group>"; };
		69F8652F1ACD76F60057C42B /* libvtktiff-6.2.a */ = {isa = PBXFileReference; lastKnownFileType = archive.ar; name = "libvtktiff-6.2.a"; path = "../../../../../vtk_lib/libvtktiff-6.2.a"; sourceTree = "<group>"; };
		69F865301ACD76F60057C42B /* libvtkverdict-6.2.a */ = {isa = PBXFileReference; lastKnownFileType = archive.ar; name = "libvtkverdict-6.2.a"; path = "../../../../../vtk_lib/libvtkverdict-6.2.a"; sourceTree = "<group>"; };
		69F865311ACD76F60057C42B /* libvtkViewsContext2D-6.2.a */ = {isa = PBXFileReference; lastKnownFileType = archive.ar; name = "libvtkViewsContext2D-6.2.a"; path = "../../../../../vtk_lib/libvtkViewsContext2D-6.2.a"; sourceTree = "<group>"; };
		69F865321ACD76F60057C42B /* libvtkViewsCore-6.2.a */ = {isa = PBXFileReference; lastKnownFileType = archive.ar; name = "libvtkViewsCore-6.2.a"; path = "../../../../../vtk_lib/libvtkViewsCore-6.2.a"; sourceTree = "<group>"; };
		69F865331ACD76F60057C42B /* libvtkViewsInfovis-6.2.a */ = {isa = PBXFileReference; lastKnownFileType = archive.ar; name = "libvtkViewsInfovis-6.2.a"; path = "../../../../../vtk_lib/libvtkViewsInfovis-6.2.a"; sourceTree = "<group>"; };
		69F865341ACD76F60057C42B /* libvtkzlib-6.2.a */ = {isa = PBXFileReference; lastKnownFileType = archive.ar; name = "libvtkzlib-6.2.a"; path = "../../../../../vtk_lib/libvtkzlib-6.2.a"; sourceTree = "<group>"; };
		8D15AC360486D014006FF6A4 /* Info-Xcode.plist */ = {isa = PBXFileReference; explicitFileType = text.xml; fileEncoding = 4; path = "Info-Xcode.plist"; sourceTree = "<group>"; };
		8D15AC370486D014006FF6A4 /* SimpleCocoaVTK.app */ = {isa = PBXFileReference; explicitFileType = wrapper.application; includeInIndex = 0; path = SimpleCocoaVTK.app; sourceTree = BUILT_PRODUCTS_DIR; };
/* End PBXFileReference section */

/* Begin PBXFrameworksBuildPhase section */
		8D15AC330486D014006FF6A4 /* Frameworks */ = {
			isa = PBXFrameworksBuildPhase;
			buildActionMask = 2147483647;
			files = (
				69F865351ACD76F60057C42B /* libvtkalglib-6.2.a in Frameworks */,
				69F865361ACD76F60057C42B /* libvtkChartsCore-6.2.a in Frameworks */,
				69F865371ACD76F60057C42B /* libvtkCommonColor-6.2.a in Frameworks */,
				69F865381ACD76F60057C42B /* libvtkCommonComputationalGeometry-6.2.a in Frameworks */,
				69F865391ACD76F60057C42B /* libvtkCommonCore-6.2.a in Frameworks */,
				69F8653A1ACD76F60057C42B /* libvtkCommonDataModel-6.2.a in Frameworks */,
				69F8653B1ACD76F60057C42B /* libvtkCommonExecutionModel-6.2.a in Frameworks */,
				69F8653C1ACD76F60057C42B /* libvtkCommonMath-6.2.a in Frameworks */,
				69F8653D1ACD76F60057C42B /* libvtkCommonMisc-6.2.a in Frameworks */,
				69F8653E1ACD76F60057C42B /* libvtkCommonSystem-6.2.a in Frameworks */,
				69F8653F1ACD76F60057C42B /* libvtkCommonTransforms-6.2.a in Frameworks */,
				69F865401ACD76F60057C42B /* libvtkDICOMParser-6.2.a in Frameworks */,
				69F865411ACD76F60057C42B /* libvtkDomainsChemistry-6.2.a in Frameworks */,
				69F865421ACD76F60057C42B /* libvtkexoIIc-6.2.a in Frameworks */,
				69F865431ACD76F60057C42B /* libvtkexpat-6.2.a in Frameworks */,
				69F865441ACD76F60057C42B /* libvtkFiltersAMR-6.2.a in Frameworks */,
				69F865451ACD76F60057C42B /* libvtkFiltersCore-6.2.a in Frameworks */,
				69F865461ACD76F60057C42B /* libvtkFiltersExtraction-6.2.a in Frameworks */,
				69F865471ACD76F60057C42B /* libvtkFiltersFlowPaths-6.2.a in Frameworks */,
				69F865481ACD76F60057C42B /* libvtkFiltersGeneral-6.2.a in Frameworks */,
				69F865491ACD76F60057C42B /* libvtkFiltersGeneric-6.2.a in Frameworks */,
				69F8654A1ACD76F60057C42B /* libvtkFiltersGeometry-6.2.a in Frameworks */,
				69F8654B1ACD76F60057C42B /* libvtkFiltersHybrid-6.2.a in Frameworks */,
				69F8654C1ACD76F60057C42B /* libvtkFiltersHyperTree-6.2.a in Frameworks */,
				69F8654D1ACD76F60057C42B /* libvtkFiltersImaging-6.2.a in Frameworks */,
				69F8654E1ACD76F60057C42B /* libvtkFiltersModeling-6.2.a in Frameworks */,
				69F8654F1ACD76F60057C42B /* libvtkFiltersParallel-6.2.a in Frameworks */,
				69F865501ACD76F60057C42B /* libvtkFiltersParallelImaging-6.2.a in Frameworks */,
				69F865511ACD76F60057C42B /* libvtkFiltersProgrammable-6.2.a in Frameworks */,
				69F865521ACD76F60057C42B /* libvtkFiltersSelection-6.2.a in Frameworks */,
				69F865531ACD76F60057C42B /* libvtkFiltersSMP-6.2.a in Frameworks */,
				69F865541ACD76F60057C42B /* libvtkFiltersSources-6.2.a in Frameworks */,
				69F865551ACD76F60057C42B /* libvtkFiltersStatistics-6.2.a in Frameworks */,
				69F865561ACD76F60057C42B /* libvtkFiltersTexture-6.2.a in Frameworks */,
				69F865571ACD76F60057C42B /* libvtkFiltersVerdict-6.2.a in Frameworks */,
				69F865581ACD76F60057C42B /* libvtkfreetype-6.2.a in Frameworks */,
				69F865591ACD76F60057C42B /* libvtkftgl-6.2.a in Frameworks */,
				69F8655A1ACD76F60057C42B /* libvtkGeovisCore-6.2.a in Frameworks */,
				69F8655B1ACD76F60057C42B /* libvtkgl2ps-6.2.a in Frameworks */,
				69F8655C1ACD76F60057C42B /* libvtkhdf5_hl-6.2.a in Frameworks */,
				69F8655D1ACD76F60057C42B /* libvtkhdf5-6.2.a in Frameworks */,
				69F8655E1ACD76F60057C42B /* libvtkImagingColor-6.2.a in Frameworks */,
				69F8655F1ACD76F60057C42B /* libvtkImagingCore-6.2.a in Frameworks */,
				69F865601ACD76F60057C42B /* libvtkImagingFourier-6.2.a in Frameworks */,
				69F865611ACD76F60057C42B /* libvtkImagingGeneral-6.2.a in Frameworks */,
				69F865621ACD76F60057C42B /* libvtkImagingHybrid-6.2.a in Frameworks */,
				69F865631ACD76F60057C42B /* libvtkImagingMath-6.2.a in Frameworks */,
				69F865641ACD76F60057C42B /* libvtkImagingMorphological-6.2.a in Frameworks */,
				69F865651ACD76F60057C42B /* libvtkImagingSources-6.2.a in Frameworks */,
				69F865661ACD76F60057C42B /* libvtkImagingStatistics-6.2.a in Frameworks */,
				69F865671ACD76F60057C42B /* libvtkImagingStencil-6.2.a in Frameworks */,
				69F865681ACD76F60057C42B /* libvtkInfovisCore-6.2.a in Frameworks */,
				69F865691ACD76F60057C42B /* libvtkInfovisLayout-6.2.a in Frameworks */,
				69F8656A1ACD76F60057C42B /* libvtkInteractionImage-6.2.a in Frameworks */,
				69F8656B1ACD76F60057C42B /* libvtkInteractionStyle-6.2.a in Frameworks */,
				69F8656C1ACD76F60057C42B /* libvtkInteractionWidgets-6.2.a in Frameworks */,
				69F8656D1ACD76F60057C42B /* libvtkIOAMR-6.2.a in Frameworks */,
				69F8656E1ACD76F60057C42B /* libvtkIOCore-6.2.a in Frameworks */,
				69F8656F1ACD76F60057C42B /* libvtkIOEnSight-6.2.a in Frameworks */,
				69F865701ACD76F60057C42B /* libvtkIOExodus-6.2.a in Frameworks */,
				69F865711ACD76F60057C42B /* libvtkIOExport-6.2.a in Frameworks */,
				69F865721ACD76F60057C42B /* libvtkIOGeometry-6.2.a in Frameworks */,
				69F865731ACD76F60057C42B /* libvtkIOImage-6.2.a in Frameworks */,
				69F865741ACD76F60057C42B /* libvtkIOImport-6.2.a in Frameworks */,
				69F865751ACD76F60057C42B /* libvtkIOInfovis-6.2.a in Frameworks */,
				69F865761ACD76F60057C42B /* libvtkIOLegacy-6.2.a in Frameworks */,
				69F865771ACD76F60057C42B /* libvtkIOLSDyna-6.2.a in Frameworks */,
				69F865781ACD76F60057C42B /* libvtkIOMINC-6.2.a in Frameworks */,
				69F865791ACD76F60057C42B /* libvtkIOMovie-6.2.a in Frameworks */,
				69F8657A1ACD76F60057C42B /* libvtkIONetCDF-6.2.a in Frameworks */,
				69F8657B1ACD76F60057C42B /* libvtkIOParallel-6.2.a in Frameworks */,
				69F8657C1ACD76F60057C42B /* libvtkIOParallelXML-6.2.a in Frameworks */,
				69F8657D1ACD76F60057C42B /* libvtkIOPLY-6.2.a in Frameworks */,
				69F8657E1ACD76F60057C42B /* libvtkIOSQL-6.2.a in Frameworks */,
				69F8657F1ACD76F60057C42B /* libvtkIOVideo-6.2.a in Frameworks */,
				69F865801ACD76F60057C42B /* libvtkIOXML-6.2.a in Frameworks */,
				69F865811ACD76F60057C42B /* libvtkIOXMLParser-6.2.a in Frameworks */,
				69F865821ACD76F60057C42B /* libvtkjpeg-6.2.a in Frameworks */,
				69F865831ACD76F60057C42B /* libvtkjsoncpp-6.2.a in Frameworks */,
				69F865841ACD76F60057C42B /* libvtklibxml2-6.2.a in Frameworks */,
				69F865851ACD76F60057C42B /* libvtkmetaio-6.2.a in Frameworks */,
				69F865861ACD76F60057C42B /* libvtkNetCDF_cxx-6.2.a in Frameworks */,
				69F865871ACD76F60057C42B /* libvtkNetCDF-6.2.a in Frameworks */,
				69F865881ACD76F60057C42B /* libvtkoggtheora-6.2.a in Frameworks */,
				69F865891ACD76F60057C42B /* libvtkParallelCore-6.2.a in Frameworks */,
				69F8658A1ACD76F60057C42B /* libvtkpng-6.2.a in Frameworks */,
				69F8658B1ACD76F60057C42B /* libvtkproj4-6.2.a in Frameworks */,
				69F8658C1ACD76F60057C42B /* libvtkRenderingAnnotation-6.2.a in Frameworks */,
				69F8658D1ACD76F60057C42B /* libvtkRenderingContext2D-6.2.a in Frameworks */,
				69F8658E1ACD76F60057C42B /* libvtkRenderingContextOpenGL-6.2.a in Frameworks */,
				69F8658F1ACD76F60057C42B /* libvtkRenderingCore-6.2.a in Frameworks */,
				69F865901ACD76F60057C42B /* libvtkRenderingFreeType-6.2.a in Frameworks */,
				69F865911ACD76F60057C42B /* libvtkRenderingFreeTypeOpenGL-6.2.a in Frameworks */,
				69F865921ACD76F60057C42B /* libvtkRenderingGL2PS-6.2.a in Frameworks */,
				69F865931ACD76F60057C42B /* libvtkRenderingImage-6.2.a in Frameworks */,
				69F865941ACD76F60057C42B /* libvtkRenderingLabel-6.2.a in Frameworks */,
				69F865951ACD76F60057C42B /* libvtkRenderingLIC-6.2.a in Frameworks */,
				69F865961ACD76F60057C42B /* libvtkRenderingLOD-6.2.a in Frameworks */,
				69F865971ACD76F60057C42B /* libvtkRenderingOpenGL-6.2.a in Frameworks */,
				69F865981ACD76F60057C42B /* libvtkRenderingVolume-6.2.a in Frameworks */,
				69F865991ACD76F60057C42B /* libvtkRenderingVolumeOpenGL-6.2.a in Frameworks */,
				69F8659A1ACD76F60057C42B /* libvtksqlite-6.2.a in Frameworks */,
				69F8659B1ACD76F60057C42B /* libvtksys-6.2.a in Frameworks */,
				69F8659C1ACD76F60057C42B /* libvtktiff-6.2.a in Frameworks */,
				69F8659D1ACD76F60057C42B /* libvtkverdict-6.2.a in Frameworks */,
				69F8659E1ACD76F60057C42B /* libvtkViewsContext2D-6.2.a in Frameworks */,
				69F8659F1ACD76F60057C42B /* libvtkViewsCore-6.2.a in Frameworks */,
				69F865A01ACD76F60057C42B /* libvtkViewsInfovis-6.2.a in Frameworks */,
				69F865A11ACD76F60057C42B /* libvtkzlib-6.2.a in Frameworks */,
				69F864C71ACD76CE0057C42B /* IOKit.framework in Frameworks */,
				8D15AC340486D014006FF6A4 /* Cocoa.framework in Frameworks */,
				1454C1D6094F306B00F594FE /* OpenGL.framework in Frameworks */,
			);
			runOnlyForDeploymentPostprocessing = 0;
		};
/* End PBXFrameworksBuildPhase section */

/* Begin PBXGroup section */
		1454C0F8094E269200F594FE /* vtk libraries */ = {
			isa = PBXGroup;
			children = (
				69F864C81ACD76F50057C42B /* libvtkalglib-6.2.a */,
				69F864C91ACD76F50057C42B /* libvtkChartsCore-6.2.a */,
				69F864CA1ACD76F50057C42B /* libvtkCommonColor-6.2.a */,
				69F864CB1ACD76F50057C42B /* libvtkCommonComputationalGeometry-6.2.a */,
				69F864CC1ACD76F50057C42B /* libvtkCommonCore-6.2.a */,
				69F864CD1ACD76F50057C42B /* libvtkCommonDataModel-6.2.a */,
				69F864CE1ACD76F50057C42B /* libvtkCommonExecutionModel-6.2.a */,
				69F864CF1ACD76F50057C42B /* libvtkCommonMath-6.2.a */,
				69F864D01ACD76F50057C42B /* libvtkCommonMisc-6.2.a */,
				69F864D11ACD76F50057C42B /* libvtkCommonSystem-6.2.a */,
				69F864D21ACD76F50057C42B /* libvtkCommonTransforms-6.2.a */,
				69F864D31ACD76F50057C42B /* libvtkDICOMParser-6.2.a */,
				69F864D41ACD76F50057C42B /* libvtkDomainsChemistry-6.2.a */,
				69F864D51ACD76F50057C42B /* libvtkexoIIc-6.2.a */,
				69F864D61ACD76F50057C42B /* libvtkexpat-6.2.a */,
				69F864D71ACD76F50057C42B /* libvtkFiltersAMR-6.2.a */,
				69F864D81ACD76F50057C42B /* libvtkFiltersCore-6.2.a */,
				69F864D91ACD76F50057C42B /* libvtkFiltersExtraction-6.2.a */,
				69F864DA1ACD76F50057C42B /* libvtkFiltersFlowPaths-6.2.a */,
				69F864DB1ACD76F50057C42B /* libvtkFiltersGeneral-6.2.a */,
				69F864DC1ACD76F50057C42B /* libvtkFiltersGeneric-6.2.a */,
				69F864DD1ACD76F50057C42B /* libvtkFiltersGeometry-6.2.a */,
				69F864DE1ACD76F50057C42B /* libvtkFiltersHybrid-6.2.a */,
				69F864DF1ACD76F50057C42B /* libvtkFiltersHyperTree-6.2.a */,
				69F864E01ACD76F50057C42B /* libvtkFiltersImaging-6.2.a */,
				69F864E11ACD76F50057C42B /* libvtkFiltersModeling-6.2.a */,
				69F864E21ACD76F50057C42B /* libvtkFiltersParallel-6.2.a */,
				69F864E31ACD76F50057C42B /* libvtkFiltersParallelImaging-6.2.a */,
				69F864E41ACD76F50057C42B /* libvtkFiltersProgrammable-6.2.a */,
				69F864E51ACD76F50057C42B /* libvtkFiltersSelection-6.2.a */,
				69F864E61ACD76F50057C42B /* libvtkFiltersSMP-6.2.a */,
				69F864E71ACD76F50057C42B /* libvtkFiltersSources-6.2.a */,
				69F864E81ACD76F50057C42B /* libvtkFiltersStatistics-6.2.a */,
				69F864E91ACD76F50057C42B /* libvtkFiltersTexture-6.2.a */,
				69F864EA1ACD76F50057C42B /* libvtkFiltersVerdict-6.2.a */,
				69F864EB1ACD76F50057C42B /* libvtkfreetype-6.2.a */,
				69F864EC1ACD76F50057C42B /* libvtkftgl-6.2.a */,
				69F864ED1ACD76F50057C42B /* libvtkGeovisCore-6.2.a */,
				69F864EE1ACD76F50057C42B /* libvtkgl2ps-6.2.a */,
				69F864EF1ACD76F50057C42B /* libvtkhdf5_hl-6.2.a */,
				69F864F01ACD76F50057C42B /* libvtkhdf5-6.2.a */,
				69F864F11ACD76F50057C42B /* libvtkImagingColor-6.2.a */,
				69F864F21ACD76F50057C42B /* libvtkImagingCore-6.2.a */,
				69F864F31ACD76F50057C42B /* libvtkImagingFourier-6.2.a */,
				69F864F41ACD76F50057C42B /* libvtkImagingGeneral-6.2.a */,
				69F864F51ACD76F50057C42B /* libvtkImagingHybrid-6.2.a */,
				69F864F61ACD76F50057C42B /* libvtkImagingMath-6.2.a */,
				69F864F71ACD76F50057C42B /* libvtkImagingMorphological-6.2.a */,
				69F864F81ACD76F50057C42B /* libvtkImagingSources-6.2.a */,
				69F864F91ACD76F50057C42B /* libvtkImagingStatistics-6.2.a */,
				69F864FA1ACD76F50057C42B /* libvtkImagingStencil-6.2.a */,
				69F864FB1ACD76F50057C42B /* libvtkInfovisCore-6.2.a */,
				69F864FC1ACD76F50057C42B /* libvtkInfovisLayout-6.2.a */,
				69F864FD1ACD76F50057C42B /* libvtkInteractionImage-6.2.a */,
				69F864FE1ACD76F50057C42B /* libvtkInteractionStyle-6.2.a */,
				69F864FF1ACD76F50057C42B /* libvtkInteractionWidgets-6.2.a */,
				69F865001ACD76F50057C42B /* libvtkIOAMR-6.2.a */,
				69F865011ACD76F50057C42B /* libvtkIOCore-6.2.a */,
				69F865021ACD76F50057C42B /* libvtkIOEnSight-6.2.a */,
				69F865031ACD76F50057C42B /* libvtkIOExodus-6.2.a */,
				69F865041ACD76F50057C42B /* libvtkIOExport-6.2.a */,
				69F865051ACD76F50057C42B /* libvtkIOGeometry-6.2.a */,
				69F865061ACD76F50057C42B /* libvtkIOImage-6.2.a */,
				69F865071ACD76F50057C42B /* libvtkIOImport-6.2.a */,
				69F865081ACD76F50057C42B /* libvtkIOInfovis-6.2.a */,
				69F865091ACD76F50057C42B /* libvtkIOLegacy-6.2.a */,
				69F8650A1ACD76F50057C42B /* libvtkIOLSDyna-6.2.a */,
				69F8650B1ACD76F50057C42B /* libvtkIOMINC-6.2.a */,
				69F8650C1ACD76F50057C42B /* libvtkIOMovie-6.2.a */,
				69F8650D1ACD76F50057C42B /* libvtkIONetCDF-6.2.a */,
				69F8650E1ACD76F50057C42B /* libvtkIOParallel-6.2.a */,
				69F8650F1ACD76F50057C42B /* libvtkIOParallelXML-6.2.a */,
				69F865101ACD76F50057C42B /* libvtkIOPLY-6.2.a */,
				69F865111ACD76F50057C42B /* libvtkIOSQL-6.2.a */,
				69F865121ACD76F50057C42B /* libvtkIOVideo-6.2.a */,
				69F865131ACD76F50057C42B /* libvtkIOXML-6.2.a */,
				69F865141ACD76F50057C42B /* libvtkIOXMLParser-6.2.a */,
				69F865151ACD76F50057C42B /* libvtkjpeg-6.2.a */,
				69F865161ACD76F50057C42B /* libvtkjsoncpp-6.2.a */,
				69F865171ACD76F50057C42B /* libvtklibxml2-6.2.a */,
				69F865181ACD76F50057C42B /* libvtkmetaio-6.2.a */,
				69F865191ACD76F50057C42B /* libvtkNetCDF_cxx-6.2.a */,
				69F8651A1ACD76F50057C42B /* libvtkNetCDF-6.2.a */,
				69F8651B1ACD76F50057C42B /* libvtkoggtheora-6.2.a */,
				69F8651C1ACD76F50057C42B /* libvtkParallelCore-6.2.a */,
				69F8651D1ACD76F50057C42B /* libvtkpng-6.2.a */,
				69F8651E1ACD76F60057C42B /* libvtkproj4-6.2.a */,
				69F8651F1ACD76F60057C42B /* libvtkRenderingAnnotation-6.2.a */,
				69F865201ACD76F60057C42B /* libvtkRenderingContext2D-6.2.a */,
				69F865211ACD76F60057C42B /* libvtkRenderingContextOpenGL-6.2.a */,
				69F865221ACD76F60057C42B /* libvtkRenderingCore-6.2.a */,
				69F865231ACD76F60057C42B /* libvtkRenderingFreeType-6.2.a */,
				69F865241ACD76F60057C42B /* libvtkRenderingFreeTypeOpenGL-6.2.a */,
				69F865251ACD76F60057C42B /* libvtkRenderingGL2PS-6.2.a */,
				69F865261ACD76F60057C42B /* libvtkRenderingImage-6.2.a */,
				69F865271ACD76F60057C42B /* libvtkRenderingLabel-6.2.a */,
				69F865281ACD76F60057C42B /* libvtkRenderingLIC-6.2.a */,
				69F865291ACD76F60057C42B /* libvtkRenderingLOD-6.2.a */,
				69F8652A1ACD76F60057C42B /* libvtkRenderingOpenGL-6.2.a */,
				69F8652B1ACD76F60057C42B /* libvtkRenderingVolume-6.2.a */,
				69F8652C1ACD76F60057C42B /* libvtkRenderingVolumeOpenGL-6.2.a */,
				69F8652D1ACD76F60057C42B /* libvtksqlite-6.2.a */,
				69F8652E1ACD76F60057C42B /* libvtksys-6.2.a */,
				69F8652F1ACD76F60057C42B /* libvtktiff-6.2.a */,
				69F865301ACD76F60057C42B /* libvtkverdict-6.2.a */,
				69F865311ACD76F60057C42B /* libvtkViewsContext2D-6.2.a */,
				69F865321ACD76F60057C42B /* libvtkViewsCore-6.2.a */,
				69F865331ACD76F60057C42B /* libvtkViewsInfovis-6.2.a */,
				69F865341ACD76F60057C42B /* libvtkzlib-6.2.a */,
			);
			name = "vtk libraries";
			sourceTree = "<group>";
		};
		19C28FB0FE9D524F11CA2CBB /* Products */ = {
			isa = PBXGroup;
			children = (
				8D15AC370486D014006FF6A4 /* SimpleCocoaVTK.app */,
			);
			name = Products;
			sourceTree = "<group>";
		};
		2A37F4AAFDCFA73011CA2CEA /* SimpleCocoaVTK */ = {
			isa = PBXGroup;
			children = (
				14B86358113C3E4200C9B42E /* SimpleCocoaVTK.xcconfig */,
				2A37F4ABFDCFA73011CA2CEA /* Classes */,
				2A37F4AFFDCFA73011CA2CEA /* Other Sources */,
				2A37F4B8FDCFA73011CA2CEA /* Resources */,
				1454C0F8094E269200F594FE /* vtk libraries */,
				2A37F4C3FDCFA73011CA2CEA /* Frameworks */,
				19C28FB0FE9D524F11CA2CBB /* Products */,
			);
			name = SimpleCocoaVTK;
			sourceTree = "<group>";
		};
		2A37F4ABFDCFA73011CA2CEA /* Classes */ = {
			isa = PBXGroup;
			children = (
				1454C4340950A4A800F594FE /* BasicVTKView.h */,
				1454C4350950A4A800F594FE /* BasicVTKView.mm */,
				1454C0EF094E266D00F594FE /* MyDocument.h */,
				1454C0F0094E266D00F594FE /* MyDocument.mm */,
			);
			name = Classes;
			sourceTree = "<group>";
		};
		2A37F4AFFDCFA73011CA2CEA /* Other Sources */ = {
			isa = PBXGroup;
			children = (
				142CC7EA17133CB300FE6428 /* PrefixHeader.pch */,
				2A37F4B0FDCFA73011CA2CEA /* main.mm */,
			);
			name = "Other Sources";
			sourceTree = "<group>";
		};
		2A37F4B8FDCFA73011CA2CEA /* Resources */ = {
			isa = PBXGroup;
			children = (
				8D15AC360486D014006FF6A4 /* Info-Xcode.plist */,
				14A3028A119E0C3200D75B9A /* MainMenu.xib */,
				14A3028B119E0C3200D75B9A /* MyDocument.xib */,
			);
			name = Resources;
			sourceTree = "<group>";
		};
		2A37F4C3FDCFA73011CA2CEA /* Frameworks */ = {
			isa = PBXGroup;
			children = (
				69F864C61ACD76CE0057C42B /* IOKit.framework */,
				14B863A4113C436100C9B42E /* IOKit.framework */,
				1454C1D5094F306B00F594FE /* OpenGL.framework */,
				1058C7A7FEA54F5311CA2CBB /* Cocoa.framework */,
			);
			name = Frameworks;
			sourceTree = "<group>";
		};
/* End PBXGroup section */

/* Begin PBXNativeTarget section */
		8D15AC270486D014006FF6A4 /* SimpleCocoaVTK */ = {
			isa = PBXNativeTarget;
			buildConfigurationList = C05733C708A9546B00998B17 /* Build configuration list for PBXNativeTarget "SimpleCocoaVTK" */;
			buildPhases = (
				8D15AC2B0486D014006FF6A4 /* Resources */,
				8D15AC300486D014006FF6A4 /* Sources */,
				8D15AC330486D014006FF6A4 /* Frameworks */,
			);
			buildRules = (
			);
			dependencies = (
			);
			name = SimpleCocoaVTK;
			productInstallPath = "$(HOME)/Applications";
			productName = SimpleCocoaVTK;
			productReference = 8D15AC370486D014006FF6A4 /* SimpleCocoaVTK.app */;
			productType = "com.apple.product-type.application";
		};
/* End PBXNativeTarget section */

/* Begin PBXProject section */
		2A37F4A9FDCFA73011CA2CEA /* Project object */ = {
			isa = PBXProject;
			attributes = {
			};
			buildConfigurationList = C05733CB08A9546B00998B17 /* Build configuration list for PBXProject "SimpleCocoaVTK" */;
			compatibilityVersion = "Xcode 3.2";
			developmentRegion = English;
			hasScannedForEncodings = 1;
			knownRegions = (
				en,
			);
			mainGroup = 2A37F4AAFDCFA73011CA2CEA /* SimpleCocoaVTK */;
			projectDirPath = "";
			projectRoot = "";
			targets = (
				8D15AC270486D014006FF6A4 /* SimpleCocoaVTK */,
			);
		};
/* End PBXProject section */

/* Begin PBXResourcesBuildPhase section */
		8D15AC2B0486D014006FF6A4 /* Resources */ = {
			isa = PBXResourcesBuildPhase;
			buildActionMask = 2147483647;
			files = (
				69F8660F1ACD77060057C42B /* libvtkalglib-6.2.a in Resources */,
				69F866101ACD77060057C42B /* libvtkChartsCore-6.2.a in Resources */,
				69F866111ACD77060057C42B /* libvtkCommonColor-6.2.a in Resources */,
				69F866121ACD77060057C42B /* libvtkCommonComputationalGeometry-6.2.a in Resources */,
				69F866131ACD77060057C42B /* libvtkCommonCore-6.2.a in Resources */,
				69F866141ACD77060057C42B /* libvtkCommonDataModel-6.2.a in Resources */,
				69F866151ACD77060057C42B /* libvtkCommonExecutionModel-6.2.a in Resources */,
				69F866161ACD77060057C42B /* libvtkCommonMath-6.2.a in Resources */,
				69F866171ACD77060057C42B /* libvtkCommonMisc-6.2.a in Resources */,
				69F866181ACD77060057C42B /* libvtkCommonSystem-6.2.a in Resources */,
				69F866191ACD77060057C42B /* libvtkCommonTransforms-6.2.a in Resources */,
				69F8661A1ACD77060057C42B /* libvtkDICOMParser-6.2.a in Resources */,
				69F8661B1ACD77060057C42B /* libvtkDomainsChemistry-6.2.a in Resources */,
				69F8661C1ACD77060057C42B /* libvtkexoIIc-6.2.a in Resources */,
				69F8661D1ACD77060057C42B /* libvtkexpat-6.2.a in Resources */,
				69F8661E1ACD77060057C42B /* libvtkFiltersAMR-6.2.a in Resources */,
				69F8661F1ACD77060057C42B /* libvtkFiltersCore-6.2.a in Resources */,
				69F866201ACD77060057C42B /* libvtkFiltersExtraction-6.2.a in Resources */,
				69F866211ACD77060057C42B /* libvtkFiltersFlowPaths-6.2.a in Resources */,
				69F866221ACD77060057C42B /* libvtkFiltersGeneral-6.2.a in Resources */,
				69F866231ACD77060057C42B /* libvtkFiltersGeneric-6.2.a in Resources */,
				69F866241ACD77060057C42B /* libvtkFiltersGeometry-6.2.a in Resources */,
				69F866251ACD77060057C42B /* libvtkFiltersHybrid-6.2.a in Resources */,
				69F866261ACD77060057C42B /* libvtkFiltersHyperTree-6.2.a in Resources */,
				69F866271ACD77060057C42B /* libvtkFiltersImaging-6.2.a in Resources */,
				69F866281ACD77060057C42B /* libvtkFiltersModeling-6.2.a in Resources */,
				69F866291ACD77060057C42B /* libvtkFiltersParallel-6.2.a in Resources */,
				69F8662A1ACD77060057C42B /* libvtkFiltersParallelImaging-6.2.a in Resources */,
				69F8662B1ACD77060057C42B /* libvtkFiltersProgrammable-6.2.a in Resources */,
				69F8662C1ACD77060057C42B /* libvtkFiltersSelection-6.2.a in Resources */,
				69F8662D1ACD77060057C42B /* libvtkFiltersSMP-6.2.a in Resources */,
				69F8662E1ACD77060057C42B /* libvtkFiltersSources-6.2.a in Resources */,
				69F8662F1ACD77060057C42B /* libvtkFiltersStatistics-6.2.a in Resources */,
				69F866301ACD77060057C42B /* libvtkFiltersTexture-6.2.a in Resources */,
				69F866311ACD77060057C42B /* libvtkFiltersVerdict-6.2.a in Resources */,
				69F866321ACD77060057C42B /* libvtkfreetype-6.2.a in Resources */,
				69F866331ACD77060057C42B /* libvtkftgl-6.2.a in Resources */,
				69F866341ACD77060057C42B /* libvtkGeovisCore-6.2.a in Resources */,
				69F866351ACD77060057C42B /* libvtkgl2ps-6.2.a in Resources */,
				69F866361ACD77060057C42B /* libvtkhdf5_hl-6.2.a in Resources */,
				69F866371ACD77060057C42B /* libvtkhdf5-6.2.a in Resources */,
				69F866381ACD77060057C42B /* libvtkImagingColor-6.2.a in Resources */,
				69F866391ACD77060057C42B /* libvtkImagingCore-6.2.a in Resources */,
				69F8663A1ACD77060057C42B /* libvtkImagingFourier-6.2.a in Resources */,
				69F8663B1ACD77060057C42B /* libvtkImagingGeneral-6.2.a in Resources */,
				69F8663C1ACD77060057C42B /* libvtkImagingHybrid-6.2.a in Resources */,
				69F8663D1ACD77060057C42B /* libvtkImagingMath-6.2.a in Resources */,
				69F8663E1ACD77060057C42B /* libvtkImagingMorphological-6.2.a in Resources */,
				69F8663F1ACD77060057C42B /* libvtkImagingSources-6.2.a in Resources */,
				69F866401ACD77060057C42B /* libvtkImagingStatistics-6.2.a in Resources */,
				69F866411ACD77060057C42B /* libvtkImagingStencil-6.2.a in Resources */,
				69F866421ACD77060057C42B /* libvtkInfovisCore-6.2.a in Resources */,
				69F866431ACD77060057C42B /* libvtkInfovisLayout-6.2.a in Resources */,
				69F866441ACD77060057C42B /* libvtkInteractionImage-6.2.a in Resources */,
				69F866451ACD77060057C42B /* libvtkInteractionStyle-6.2.a in Resources */,
				69F866461ACD77060057C42B /* libvtkInteractionWidgets-6.2.a in Resources */,
				69F866471ACD77060057C42B /* libvtkIOAMR-6.2.a in Resources */,
				69F866481ACD77060057C42B /* libvtkIOCore-6.2.a in Resources */,
				69F866491ACD77060057C42B /* libvtkIOEnSight-6.2.a in Resources */,
				69F8664A1ACD77060057C42B /* libvtkIOExodus-6.2.a in Resources */,
				69F8664B1ACD77060057C42B /* libvtkIOExport-6.2.a in Resources */,
				69F8664C1ACD77060057C42B /* libvtkIOGeometry-6.2.a in Resources */,
				69F8664D1ACD77060057C42B /* libvtkIOImage-6.2.a in Resources */,
				69F8664E1ACD77060057C42B /* libvtkIOImport-6.2.a in Resources */,
				69F8664F1ACD77060057C42B /* libvtkIOInfovis-6.2.a in Resources */,
				69F866501ACD77060057C42B /* libvtkIOLegacy-6.2.a in Resources */,
				69F866511ACD77060057C42B /* libvtkIOLSDyna-6.2.a in Resources */,
				69F866521ACD77060057C42B /* libvtkIOMINC-6.2.a in Resources */,
				69F866531ACD77060057C42B /* libvtkIOMovie-6.2.a in Resources */,
				69F866541ACD77060057C42B /* libvtkIONetCDF-6.2.a in Resources */,
				69F866551ACD77060057C42B /* libvtkIOParallel-6.2.a in Resources */,
				69F866561ACD77060057C42B /* libvtkIOParallelXML-6.2.a in Resources */,
				69F866571ACD77060057C42B /* libvtkIOPLY-6.2.a in Resources */,
				69F866581ACD77060057C42B /* libvtkIOSQL-6.2.a in Resources */,
				69F866591ACD77060057C42B /* libvtkIOVideo-6.2.a in Resources */,
				69F8665A1ACD77060057C42B /* libvtkIOXML-6.2.a in Resources */,
				69F8665B1ACD77060057C42B /* libvtkIOXMLParser-6.2.a in Resources */,
				69F8665C1ACD77060057C42B /* libvtkjpeg-6.2.a in Resources */,
				69F8665D1ACD77060057C42B /* libvtkjsoncpp-6.2.a in Resources */,
				69F8665E1ACD77060057C42B /* libvtklibxml2-6.2.a in Resources */,
				69F8665F1ACD77060057C42B /* libvtkmetaio-6.2.a in Resources */,
				69F866601ACD77060057C42B /* libvtkNetCDF_cxx-6.2.a in Resources */,
				69F866611ACD77060057C42B /* libvtkNetCDF-6.2.a in Resources */,
				69F866621ACD77060057C42B /* libvtkoggtheora-6.2.a in Resources */,
				69F866631ACD77060057C42B /* libvtkParallelCore-6.2.a in Resources */,
				69F866641ACD77060057C42B /* libvtkpng-6.2.a in Resources */,
				69F866651ACD77060057C42B /* libvtkproj4-6.2.a in Resources */,
				69F866661ACD77060057C42B /* libvtkRenderingAnnotation-6.2.a in Resources */,
				69F866671ACD77070057C42B /* libvtkRenderingContext2D-6.2.a in Resources */,
				69F866681ACD77070057C42B /* libvtkRenderingContextOpenGL-6.2.a in Resources */,
				69F866691ACD77070057C42B /* libvtkRenderingCore-6.2.a in Resources */,
				69F8666A1ACD77070057C42B /* libvtkRenderingFreeType-6.2.a in Resources */,
				69F8666B1ACD77070057C42B /* libvtkRenderingFreeTypeOpenGL-6.2.a in Resources */,
				69F8666C1ACD77070057C42B /* libvtkRenderingGL2PS-6.2.a in Resources */,
				69F8666D1ACD77070057C42B /* libvtkRenderingImage-6.2.a in Resources */,
				69F8666E1ACD77070057C42B /* libvtkRenderingLabel-6.2.a in Resources */,
				69F8666F1ACD77070057C42B /* libvtkRenderingLIC-6.2.a in Resources */,
				69F866701ACD77070057C42B /* libvtkRenderingLOD-6.2.a in Resources */,
				69F866711ACD77070057C42B /* libvtkRenderingOpenGL-6.2.a in Resources */,
				69F866721ACD77070057C42B /* libvtkRenderingVolume-6.2.a in Resources */,
				69F866731ACD77070057C42B /* libvtkRenderingVolumeOpenGL-6.2.a in Resources */,
				69F866741ACD77070057C42B /* libvtksqlite-6.2.a in Resources */,
				69F866751ACD77070057C42B /* libvtksys-6.2.a in Resources */,
				69F866761ACD77070057C42B /* libvtktiff-6.2.a in Resources */,
				69F866771ACD77070057C42B /* libvtkverdict-6.2.a in Resources */,
				69F866781ACD77070057C42B /* libvtkViewsContext2D-6.2.a in Resources */,
				69F866791ACD77070057C42B /* libvtkViewsCore-6.2.a in Resources */,
				69F8667A1ACD77070057C42B /* libvtkViewsInfovis-6.2.a in Resources */,
				69F8667B1ACD77070057C42B /* libvtkzlib-6.2.a in Resources */,
				14B86359113C3E4200C9B42E /* SimpleCocoaVTK.xcconfig in Resources */,
				14A3028C119E0C3200D75B9A /* MainMenu.xib in Resources */,
				14A3028D119E0C3200D75B9A /* MyDocument.xib in Resources */,
			);
			runOnlyForDeploymentPostprocessing = 0;
		};
/* End PBXResourcesBuildPhase section */

/* Begin PBXSourcesBuildPhase section */
		8D15AC300486D014006FF6A4 /* Sources */ = {
			isa = PBXSourcesBuildPhase;
			buildActionMask = 2147483647;
			files = (
				8D15AC320486D014006FF6A4 /* main.mm in Sources */,
				1454C0F1094E266D00F594FE /* MyDocument.mm in Sources */,
				1454C4360950A4A800F594FE /* BasicVTKView.mm in Sources */,
			);
			runOnlyForDeploymentPostprocessing = 0;
		};
/* End PBXSourcesBuildPhase section */

/* Begin XCBuildConfiguration section */
		C05733C808A9546B00998B17 /* Debug */ = {
			isa = XCBuildConfiguration;
			buildSettings = {
				HEADER_SEARCH_PATHS = "/Users/nbr/source/vtk_include/vtk-6.2";
				LIBRARY_SEARCH_PATHS = (
					"$(inherited)",
					"$(PROJECT_DIR)",
					/Users/nbr/source/vtk_lib,
				);
				USER_HEADER_SEARCH_PATHS = "/Users/nbr/source/vtk_include/vtk-6.2";
			};
			name = Debug;
		};
		C05733C908A9546B00998B17 /* Release */ = {
			isa = XCBuildConfiguration;
			buildSettings = {
				HEADER_SEARCH_PATHS = "/Users/nbr/source/vtk_include/vtk-6.2";
				LIBRARY_SEARCH_PATHS = (
					"$(inherited)",
					"$(PROJECT_DIR)",
					/Users/nbr/source/vtk_lib,
				);
				USER_HEADER_SEARCH_PATHS = "/Users/nbr/source/vtk_include/vtk-6.2";
			};
			name = Release;
		};
		C05733CC08A9546B00998B17 /* Debug */ = {
			isa = XCBuildConfiguration;
			baseConfigurationReference = 14B86358113C3E4200C9B42E /* SimpleCocoaVTK.xcconfig */;
			buildSettings = {
			};
			name = Debug;
		};
		C05733CD08A9546B00998B17 /* Release */ = {
			isa = XCBuildConfiguration;
			baseConfigurationReference = 14B86358113C3E4200C9B42E /* SimpleCocoaVTK.xcconfig */;
			buildSettings = {
			};
			name = Release;
		};
/* End XCBuildConfiguration section */

/* Begin XCConfigurationList section */
		C05733C708A9546B00998B17 /* Build configuration list for PBXNativeTarget "SimpleCocoaVTK" */ = {
			isa = XCConfigurationList;
			buildConfigurations = (
				C05733C808A9546B00998B17 /* Debug */,
				C05733C908A9546B00998B17 /* Release */,
			);
			defaultConfigurationIsVisible = 0;
			defaultConfigurationName = Release;
		};
		C05733CB08A9546B00998B17 /* Build configuration list for PBXProject "SimpleCocoaVTK" */ = {
			isa = XCConfigurationList;
			buildConfigurations = (
				C05733CC08A9546B00998B17 /* Debug */,
				C05733CD08A9546B00998B17 /* Release */,
			);
			defaultConfigurationIsVisible = 0;
			defaultConfigurationName = Release;
		};
/* End XCConfigurationList section */
	};
	rootObject = 2A37F4A9FDCFA73011CA2CEA /* Project object */;
}
